// !$*UTF8*$!
{
	archiveVersion = 1;
	classes = {
	};
	objectVersion = 46;
	objects = {

/* Begin PBXBuildFile section */
		B532AA1F1B59065600FF4B08 /* GitHubRepository.swift in Sources */ = {isa = PBXBuildFile; fileRef = B532AA1E1B59065600FF4B08 /* GitHubRepository.swift */; };
		B532AA211B59067F00FF4B08 /* GithubDetails.swift in Sources */ = {isa = PBXBuildFile; fileRef = B532AA201B59067F00FF4B08 /* GithubDetails.swift */; };
		B532AA241B59087700FF4B08 /* GitHubRepositoryTest.swift in Sources */ = {isa = PBXBuildFile; fileRef = B532AA221B59073E00FF4B08 /* GitHubRepositoryTest.swift */; };
		B532AA261B59089F00FF4B08 /* GithubDetails.swift in Sources */ = {isa = PBXBuildFile; fileRef = B532AA201B59067F00FF4B08 /* GithubDetails.swift */; };
		B532AA271B5908A600FF4B08 /* GitHubRepository.swift in Sources */ = {isa = PBXBuildFile; fileRef = B532AA1E1B59065600FF4B08 /* GitHubRepository.swift */; };
		B532AA291B590AE000FF4B08 /* Cards.swift in Sources */ = {isa = PBXBuildFile; fileRef = B532AA281B590AE000FF4B08 /* Cards.swift */; };
		B532AA2C1B590BBC00FF4B08 /* CardsTest.swift in Sources */ = {isa = PBXBuildFile; fileRef = B532AA2A1B590B8F00FF4B08 /* CardsTest.swift */; };
		B532AA2D1B590BE900FF4B08 /* Cards.swift in Sources */ = {isa = PBXBuildFile; fileRef = B532AA281B590AE000FF4B08 /* Cards.swift */; };
		B543CBC31AEE0C93007549F5 /* AppDelegate.swift in Sources */ = {isa = PBXBuildFile; fileRef = B543CBC21AEE0C93007549F5 /* AppDelegate.swift */; };
		B543CBC51AEE0C93007549F5 /* ViewController.swift in Sources */ = {isa = PBXBuildFile; fileRef = B543CBC41AEE0C93007549F5 /* ViewController.swift */; };
		B543CBCA1AEE0C93007549F5 /* Images.xcassets in Resources */ = {isa = PBXBuildFile; fileRef = B543CBC91AEE0C93007549F5 /* Images.xcassets */; };
		B543CBCD1AEE0C93007549F5 /* LaunchScreen.xib in Resources */ = {isa = PBXBuildFile; fileRef = B543CBCB1AEE0C93007549F5 /* LaunchScreen.xib */; };
		B543CBD91AEE0C93007549F5 /* _SingleViewTests.swift in Sources */ = {isa = PBXBuildFile; fileRef = B543CBD81AEE0C93007549F5 /* _SingleViewTests.swift */; };
/* End PBXBuildFile section */

/* Begin PBXContainerItemProxy section */
		B543CBD31AEE0C93007549F5 /* PBXContainerItemProxy */ = {
			isa = PBXContainerItemProxy;
			containerPortal = B543CBB51AEE0C93007549F5 /* Project object */;
			proxyType = 1;
			remoteGlobalIDString = B543CBBC1AEE0C93007549F5;
			remoteInfo = 3SingleView;
		};
/* End PBXContainerItemProxy section */

/* Begin PBXFileReference section */
		B532AA1E1B59065600FF4B08 /* GitHubRepository.swift */ = {isa = PBXFileReference; fileEncoding = 4; lastKnownFileType = sourcecode.swift; path = GitHubRepository.swift; sourceTree = "<group>"; };
		B532AA201B59067F00FF4B08 /* GithubDetails.swift */ = {isa = PBXFileReference; fileEncoding = 4; lastKnownFileType = sourcecode.swift; path = GithubDetails.swift; sourceTree = "<group>"; };
		B532AA221B59073E00FF4B08 /* GitHubRepositoryTest.swift */ = {isa = PBXFileReference; fileEncoding = 4; lastKnownFileType = sourcecode.swift; path = GitHubRepositoryTest.swift; sourceTree = "<group>"; };
		B532AA281B590AE000FF4B08 /* Cards.swift */ = {isa = PBXFileReference; fileEncoding = 4; lastKnownFileType = sourcecode.swift; path = Cards.swift; sourceTree = "<group>"; };
		B532AA2A1B590B8F00FF4B08 /* CardsTest.swift */ = {isa = PBXFileReference; fileEncoding = 4; lastKnownFileType = sourcecode.swift; path = CardsTest.swift; sourceTree = "<group>"; };
		B543CBBD1AEE0C93007549F5 /* 3SingleView.app */ = {isa = PBXFileReference; explicitFileType = wrapper.application; includeInIndex = 0; path = 3SingleView.app; sourceTree = BUILT_PRODUCTS_DIR; };
		B543CBC11AEE0C93007549F5 /* Info.plist */ = {isa = PBXFileReference; lastKnownFileType = text.plist.xml; path = Info.plist; sourceTree = "<group>"; };
		B543CBC21AEE0C93007549F5 /* AppDelegate.swift */ = {isa = PBXFileReference; lastKnownFileType = sourcecode.swift; path = AppDelegate.swift; sourceTree = "<group>"; };
		B543CBC41AEE0C93007549F5 /* ViewController.swift */ = {isa = PBXFileReference; lastKnownFileType = sourcecode.swift; path = ViewController.swift; sourceTree = "<group>"; };
		B543CBC91AEE0C93007549F5 /* Images.xcassets */ = {isa = PBXFileReference; lastKnownFileType = folder.assetcatalog; path = Images.xcassets; sourceTree = "<group>"; };
		B543CBCC1AEE0C93007549F5 /* Base */ = {isa = PBXFileReference; lastKnownFileType = file.xib; name = Base; path = Base.lproj/LaunchScreen.xib; sourceTree = "<group>"; };
		B543CBD21AEE0C93007549F5 /* 3SingleViewTests.xctest */ = {isa = PBXFileReference; explicitFileType = wrapper.cfbundle; includeInIndex = 0; path = 3SingleViewTests.xctest; sourceTree = BUILT_PRODUCTS_DIR; };
		B543CBD71AEE0C93007549F5 /* Info.plist */ = {isa = PBXFileReference; lastKnownFileType = text.plist.xml; path = Info.plist; sourceTree = "<group>"; };
		B543CBD81AEE0C93007549F5 /* _SingleViewTests.swift */ = {isa = PBXFileReference; lastKnownFileType = sourcecode.swift; path = _SingleViewTests.swift; sourceTree = "<group>"; };
/* End PBXFileReference section */

/* Begin PBXFrameworksBuildPhase section */
		B543CBBA1AEE0C93007549F5 /* Frameworks */ = {
			isa = PBXFrameworksBuildPhase;
			buildActionMask = 2147483647;
			files = (
			);
			runOnlyForDeploymentPostprocessing = 0;
		};
		B543CBCF1AEE0C93007549F5 /* Frameworks */ = {
			isa = PBXFrameworksBuildPhase;
			buildActionMask = 2147483647;
			files = (
			);
			runOnlyForDeploymentPostprocessing = 0;
		};
/* End PBXFrameworksBuildPhase section */

/* Begin PBXGroup section */
		B543CBB41AEE0C93007549F5 = {
			isa = PBXGroup;
			children = (
				B532AA2A1B590B8F00FF4B08 /* CardsTest.swift */,
				B532AA281B590AE000FF4B08 /* Cards.swift */,
				B532AA221B59073E00FF4B08 /* GitHubRepositoryTest.swift */,
				B532AA201B59067F00FF4B08 /* GithubDetails.swift */,
				B532AA1E1B59065600FF4B08 /* GitHubRepository.swift */,
				B543CBBF1AEE0C93007549F5 /* 3SingleView */,
				B543CBD51AEE0C93007549F5 /* 3SingleViewTests */,
				B543CBBE1AEE0C93007549F5 /* Products */,
			);
			sourceTree = "<group>";
		};
		B543CBBE1AEE0C93007549F5 /* Products */ = {
			isa = PBXGroup;
			children = (
				B543CBBD1AEE0C93007549F5 /* 3SingleView.app */,
				B543CBD21AEE0C93007549F5 /* 3SingleViewTests.xctest */,
			);
			name = Products;
			sourceTree = "<group>";
		};
		B543CBBF1AEE0C93007549F5 /* 3SingleView */ = {
			isa = PBXGroup;
			children = (
				B543CBC21AEE0C93007549F5 /* AppDelegate.swift */,
				B543CBC41AEE0C93007549F5 /* ViewController.swift */,
				B543CBC91AEE0C93007549F5 /* Images.xcassets */,
				B543CBCB1AEE0C93007549F5 /* LaunchScreen.xib */,
				B543CBC01AEE0C93007549F5 /* Supporting Files */,
			);
			path = 3SingleView;
			sourceTree = "<group>";
		};
		B543CBC01AEE0C93007549F5 /* Supporting Files */ = {
			isa = PBXGroup;
			children = (
				B543CBC11AEE0C93007549F5 /* Info.plist */,
			);
			name = "Supporting Files";
			sourceTree = "<group>";
		};
		B543CBD51AEE0C93007549F5 /* 3SingleViewTests */ = {
			isa = PBXGroup;
			children = (
				B543CBD81AEE0C93007549F5 /* _SingleViewTests.swift */,
				B543CBD61AEE0C93007549F5 /* Supporting Files */,
			);
			path = 3SingleViewTests;
			sourceTree = "<group>";
		};
		B543CBD61AEE0C93007549F5 /* Supporting Files */ = {
			isa = PBXGroup;
			children = (
				B543CBD71AEE0C93007549F5 /* Info.plist */,
			);
			name = "Supporting Files";
			sourceTree = "<group>";
		};
/* End PBXGroup section */

/* Begin PBXNativeTarget section */
		B543CBBC1AEE0C93007549F5 /* 3SingleView */ = {
			isa = PBXNativeTarget;
			buildConfigurationList = B543CBDC1AEE0C93007549F5 /* Build configuration list for PBXNativeTarget "3SingleView" */;
			buildPhases = (
				B543CBB91AEE0C93007549F5 /* Sources */,
				B543CBBA1AEE0C93007549F5 /* Frameworks */,
				B543CBBB1AEE0C93007549F5 /* Resources */,
			);
			buildRules = (
			);
			dependencies = (
			);
			name = 3SingleView;
			productName = 3SingleView;
			productReference = B543CBBD1AEE0C93007549F5 /* 3SingleView.app */;
			productType = "com.apple.product-type.application";
		};
		B543CBD11AEE0C93007549F5 /* 3SingleViewTests */ = {
			isa = PBXNativeTarget;
			buildConfigurationList = B543CBDF1AEE0C93007549F5 /* Build configuration list for PBXNativeTarget "3SingleViewTests" */;
			buildPhases = (
				B543CBCE1AEE0C93007549F5 /* Sources */,
				B543CBCF1AEE0C93007549F5 /* Frameworks */,
				B543CBD01AEE0C93007549F5 /* Resources */,
			);
			buildRules = (
			);
			dependencies = (
				B543CBD41AEE0C93007549F5 /* PBXTargetDependency */,
			);
			name = 3SingleViewTests;
			productName = 3SingleViewTests;
			productReference = B543CBD21AEE0C93007549F5 /* 3SingleViewTests.xctest */;
			productType = "com.apple.product-type.bundle.unit-test";
		};
/* End PBXNativeTarget section */

/* Begin PBXProject section */
		B543CBB51AEE0C93007549F5 /* Project object */ = {
			isa = PBXProject;
			attributes = {
				LastUpgradeCheck = 0630;
				ORGANIZATIONNAME = greatabel;
				TargetAttributes = {
					B543CBBC1AEE0C93007549F5 = {
						CreatedOnToolsVersion = 6.3.1;
					};
					B543CBD11AEE0C93007549F5 = {
						CreatedOnToolsVersion = 6.3.1;
						TestTargetID = B543CBBC1AEE0C93007549F5;
					};
				};
			};
			buildConfigurationList = B543CBB81AEE0C93007549F5 /* Build configuration list for PBXProject "3SingleView" */;
			compatibilityVersion = "Xcode 3.2";
			developmentRegion = English;
			hasScannedForEncodings = 0;
			knownRegions = (
				en,
				Base,
			);
			mainGroup = B543CBB41AEE0C93007549F5;
			productRefGroup = B543CBBE1AEE0C93007549F5 /* Products */;
			projectDirPath = "";
			projectRoot = "";
			targets = (
				B543CBBC1AEE0C93007549F5 /* 3SingleView */,
				B543CBD11AEE0C93007549F5 /* 3SingleViewTests */,
			);
		};
/* End PBXProject section */

/* Begin PBXResourcesBuildPhase section */
		B543CBBB1AEE0C93007549F5 /* Resources */ = {
			isa = PBXResourcesBuildPhase;
			buildActionMask = 2147483647;
			files = (
				B543CBCD1AEE0C93007549F5 /* LaunchScreen.xib in Resources */,
				B543CBCA1AEE0C93007549F5 /* Images.xcassets in Resources */,
			);
			runOnlyForDeploymentPostprocessing = 0;
		};
		B543CBD01AEE0C93007549F5 /* Resources */ = {
			isa = PBXResourcesBuildPhase;
			buildActionMask = 2147483647;
			files = (
			);
			runOnlyForDeploymentPostprocessing = 0;
		};
/* End PBXResourcesBuildPhase section */

/* Begin PBXSourcesBuildPhase section */
		B543CBB91AEE0C93007549F5 /* Sources */ = {
			isa = PBXSourcesBuildPhase;
			buildActionMask = 2147483647;
			files = (
				B532AA291B590AE000FF4B08 /* Cards.swift in Sources */,
				B532AA1F1B59065600FF4B08 /* GitHubRepository.swift in Sources */,
				B543CBC51AEE0C93007549F5 /* ViewController.swift in Sources */,
				B543CBC31AEE0C93007549F5 /* AppDelegate.swift in Sources */,
				B532AA211B59067F00FF4B08 /* GithubDetails.swift in Sources */,
			);
			runOnlyForDeploymentPostprocessing = 0;
		};
		B543CBCE1AEE0C93007549F5 /* Sources */ = {
			isa = PBXSourcesBuildPhase;
			buildActionMask = 2147483647;
			files = (
				B532AA271B5908A600FF4B08 /* GitHubRepository.swift in Sources */,
				B532AA2C1B590BBC00FF4B08 /* CardsTest.swift in Sources */,
				B532AA241B59087700FF4B08 /* GitHubRepositoryTest.swift in Sources */,
				B532AA2D1B590BE900FF4B08 /* Cards.swift in Sources */,
				B532AA261B59089F00FF4B08 /* GithubDetails.swift in Sources */,
				B543CBD91AEE0C93007549F5 /* _SingleViewTests.swift in Sources */,
			);
			runOnlyForDeploymentPostprocessing = 0;
		};
/* End PBXSourcesBuildPhase section */

/* Begin PBXTargetDependency section */
		B543CBD41AEE0C93007549F5 /* PBXTargetDependency */ = {
			isa = PBXTargetDependency;
			target = B543CBBC1AEE0C93007549F5 /* 3SingleView */;
			targetProxy = B543CBD31AEE0C93007549F5 /* PBXContainerItemProxy */;
		};
/* End PBXTargetDependency section */

/* Begin PBXVariantGroup section */
		B543CBCB1AEE0C93007549F5 /* LaunchScreen.xib */ = {
			isa = PBXVariantGroup;
			children = (
				B543CBCC1AEE0C93007549F5 /* Base */,
			);
			name = LaunchScreen.xib;
			sourceTree = "<group>";
		};
/* End PBXVariantGroup section */

/* Begin XCBuildConfiguration section */
		B543CBDA1AEE0C93007549F5 /* Debug */ = {
			isa = XCBuildConfiguration;
			buildSettings = {
				ALWAYS_SEARCH_USER_PATHS = NO;
				CLANG_CXX_LANGUAGE_STANDARD = "gnu++0x";
				CLANG_CXX_LIBRARY = "libc++";
				CLANG_ENABLE_MODULES = YES;
				CLANG_ENABLE_OBJC_ARC = YES;
				CLANG_WARN_BOOL_CONVERSION = YES;
				CLANG_WARN_CONSTANT_CONVERSION = YES;
				CLANG_WARN_DIRECT_OBJC_ISA_USAGE = YES_ERROR;
				CLANG_WARN_EMPTY_BODY = YES;
				CLANG_WARN_ENUM_CONVERSION = YES;
				CLANG_WARN_INT_CONVERSION = YES;
				CLANG_WARN_OBJC_ROOT_CLASS = YES_ERROR;
				CLANG_WARN_UNREACHABLE_CODE = YES;
				CLANG_WARN__DUPLICATE_METHOD_MATCH = YES;
				"CODE_SIGN_IDENTITY[sdk=iphoneos*]" = "iPhone Developer";
				COPY_PHASE_STRIP = NO;
				DEBUG_INFORMATION_FORMAT = "dwarf-with-dsym";
				ENABLE_STRICT_OBJC_MSGSEND = YES;
				GCC_C_LANGUAGE_STANDARD = gnu99;
				GCC_DYNAMIC_NO_PIC = NO;
				GCC_NO_COMMON_BLOCKS = YES;
				GCC_OPTIMIZATION_LEVEL = 0;
				GCC_PREPROCESSOR_DEFINITIONS = (
					"DEBUG=1",
					"$(inherited)",
				);
				GCC_SYMBOLS_PRIVATE_EXTERN = NO;
				GCC_WARN_64_TO_32_BIT_CONVERSION = YES;
				GCC_WARN_ABOUT_RETURN_TYPE = YES_ERROR;
				GCC_WARN_UNDECLARED_SELECTOR = YES;
				GCC_WARN_UNINITIALIZED_AUTOS = YES_AGGRESSIVE;
				GCC_WARN_UNUSED_FUNCTION = YES;
				GCC_WARN_UNUSED_VARIABLE = YES;
				IPHONEOS_DEPLOYMENT_TARGET = 8.3;
				MTL_ENABLE_DEBUG_INFO = YES;
				ONLY_ACTIVE_ARCH = YES;
				SDKROOT = iphoneos;
				SWIFT_OPTIMIZATION_LEVEL = "-Onone";
				TARGETED_DEVICE_FAMILY = "1,2";
			};
			name = Debug;
		};
		B543CBDB1AEE0C93007549F5 /* Release */ = {
			isa = XCBuildConfiguration;
			buildSettings = {
				ALWAYS_SEARCH_USER_PATHS = NO;
				CLANG_CXX_LANGUAGE_STANDARD = "gnu++0x";
				CLANG_CXX_LIBRARY = "libc++";
				CLANG_ENABLE_MODULES = YES;
				CLANG_ENABLE_OBJC_ARC = YES;
				CLANG_WARN_BOOL_CONVERSION = YES;
				CLANG_WARN_CONSTANT_CONVERSION = YES;
				CLANG_WARN_DIRECT_OBJC_ISA_USAGE = YES_ERROR;
				CLANG_WARN_EMPTY_BODY = YES;
				CLANG_WARN_ENUM_CONVERSION = YES;
				CLANG_WARN_INT_CONVERSION = YES;
				CLANG_WARN_OBJC_ROOT_CLASS = YES_ERROR;
				CLANG_WARN_UNREACHABLE_CODE = YES;
				CLANG_WARN__DUPLICATE_METHOD_MATCH = YES;
				"CODE_SIGN_IDENTITY[sdk=iphoneos*]" = "iPhone Developer";
				COPY_PHASE_STRIP = NO;
				DEBUG_INFORMATION_FORMAT = "dwarf-with-dsym";
				ENABLE_NS_ASSERTIONS = NO;
				ENABLE_STRICT_OBJC_MSGSEND = YES;
				GCC_C_LANGUAGE_STANDARD = gnu99;
				GCC_NO_COMMON_BLOCKS = YES;
				GCC_WARN_64_TO_32_BIT_CONVERSION = YES;
				GCC_WARN_ABOUT_RETURN_TYPE = YES_ERROR;
				GCC_WARN_UNDECLARED_SELECTOR = YES;
				GCC_WARN_UNINITIALIZED_AUTOS = YES_AGGRESSIVE;
				GCC_WARN_UNUSED_FUNCTION = YES;
				GCC_WARN_UNUSED_VARIABLE = YES;
				IPHONEOS_DEPLOYMENT_TARGET = 8.3;
				MTL_ENABLE_DEBUG_INFO = NO;
				SDKROOT = iphoneos;
				TARGETED_DEVICE_FAMILY = "1,2";
				VALIDATE_PRODUCT = YES;
			};
			name = Release;
		};
		B543CBDD1AEE0C93007549F5 /* Debug */ = {
			isa = XCBuildConfiguration;
			buildSettings = {
				ASSETCATALOG_COMPILER_APPICON_NAME = AppIcon;
				INFOPLIST_FILE = 3SingleView/Info.plist;
				LD_RUNPATH_SEARCH_PATHS = "$(inherited) @executable_path/Frameworks";
				PRODUCT_NAME = "$(TARGET_NAME)";
			};
			name = Debug;
		};
		B543CBDE1AEE0C93007549F5 /* Release */ = {
			isa = XCBuildConfiguration;
			buildSettings = {
				ASSETCATALOG_COMPILER_APPICON_NAME = AppIcon;
				INFOPLIST_FILE = 3SingleView/Info.plist;
				LD_RUNPATH_SEARCH_PATHS = "$(inherited) @executable_path/Frameworks";
				PRODUCT_NAME = "$(TARGET_NAME)";
			};
			name = Release;
		};
		B543CBE01AEE0C93007549F5 /* Debug */ = {
			isa = XCBuildConfiguration;
			buildSettings = {
				BUNDLE_LOADER = "$(TEST_HOST)";
				FRAMEWORK_SEARCH_PATHS = (
					"$(SDKROOT)/Developer/Library/Frameworks",
					"$(inherited)",
				);
				GCC_PREPROCESSOR_DEFINITIONS = (
					"DEBUG=1",
					"$(inherited)",
				);
				INFOPLIST_FILE = 3SingleViewTests/Info.plist;
				LD_RUNPATH_SEARCH_PATHS = "$(inherited) @executable_path/Frameworks @loader_path/Frameworks";
				PRODUCT_NAME = "$(TARGET_NAME)";
				TEST_HOST = "$(BUILT_PRODUCTS_DIR)/3SingleView.app/3SingleView";
			};
			name = Debug;
		};
		B543CBE11AEE0C93007549F5 /* Release */ = {
			isa = XCBuildConfiguration;
			buildSettings = {
				BUNDLE_LOADER = "$(TEST_HOST)";
				FRAMEWORK_SEARCH_PATHS = (
					"$(SDKROOT)/Developer/Library/Frameworks",
					"$(inherited)",
				);
				INFOPLIST_FILE = 3SingleViewTests/Info.plist;
				LD_RUNPATH_SEARCH_PATHS = "$(inherited) @executable_path/Frameworks @loader_path/Frameworks";
				PRODUCT_NAME = "$(TARGET_NAME)";
				TEST_HOST = "$(BUILT_PRODUCTS_DIR)/3SingleView.app/3SingleView";
			};
			name = Release;
		};
/* End XCBuildConfiguration section */

/* Begin XCConfigurationList section */
		B543CBB81AEE0C93007549F5 /* Build configuration list for PBXProject "3SingleView" */ = {
			isa = XCConfigurationList;
			buildConfigurations = (
				B543CBDA1AEE0C93007549F5 /* Debug */,
				B543CBDB1AEE0C93007549F5 /* Release */,
			);
			defaultConfigurationIsVisible = 0;
			defaultConfigurationName = Release;
		};
		B543CBDC1AEE0C93007549F5 /* Build configuration list for PBXNativeTarget "3SingleView" */ = {
			isa = XCConfigurationList;
			buildConfigurations = (
				B543CBDD1AEE0C93007549F5 /* Debug */,
				B543CBDE1AEE0C93007549F5 /* Release */,
			);
			defaultConfigurationIsVisible = 0;
			defaultConfigurationName = Release;
		};
		B543CBDF1AEE0C93007549F5 /* Build configuration list for PBXNativeTarget "3SingleViewTests" */ = {
			isa = XCConfigurationList;
			buildConfigurations = (
				B543CBE01AEE0C93007549F5 /* Debug */,
				B543CBE11AEE0C93007549F5 /* Release */,
			);
			defaultConfigurationIsVisible = 0;
			defaultConfigurationName = Release;
		};
/* End XCConfigurationList section */
	};
	rootObject = B543CBB51AEE0C93007549F5 /* Project object */;
}
