// !$*UTF8*$!
{
	archiveVersion = 1;
	classes = {
	};
	objectVersion = 46;
	objects = {

/* Begin PBXBuildFile section */
		203F6DC41B710820004B4AC1 /* AppDelegate.swift in Sources */ = {isa = PBXBuildFile; fileRef = 203F6DC31B710820004B4AC1 /* AppDelegate.swift */; };
		203F6DC61B710820004B4AC1 /* ViewController.swift in Sources */ = {isa = PBXBuildFile; fileRef = 203F6DC51B710820004B4AC1 /* ViewController.swift */; };
		203F6DC91B710820004B4AC1 /* Main.storyboard in Resources */ = {isa = PBXBuildFile; fileRef = 203F6DC71B710820004B4AC1 /* Main.storyboard */; };
		203F6DCC1B710820004B4AC1 /* testSwift2.xcdatamodeld in Sources */ = {isa = PBXBuildFile; fileRef = 203F6DCA1B710820004B4AC1 /* testSwift2.xcdatamodeld */; };
		203F6DCE1B710820004B4AC1 /* Assets.xcassets in Resources */ = {isa = PBXBuildFile; fileRef = 203F6DCD1B710820004B4AC1 /* Assets.xcassets */; };
		203F6DD11B710820004B4AC1 /* LaunchScreen.storyboard in Resources */ = {isa = PBXBuildFile; fileRef = 203F6DCF1B710820004B4AC1 /* LaunchScreen.storyboard */; };
		203F6DDC1B710820004B4AC1 /* testSwift2Tests.swift in Sources */ = {isa = PBXBuildFile; fileRef = 203F6DDB1B710820004B4AC1 /* testSwift2Tests.swift */; };
		203F6DE71B710820004B4AC1 /* testSwift2UITests.swift in Sources */ = {isa = PBXBuildFile; fileRef = 203F6DE61B710820004B4AC1 /* testSwift2UITests.swift */; };
/* End PBXBuildFile section */

/* Begin PBXContainerItemProxy section */
		203F6DD81B710820004B4AC1 /* PBXContainerItemProxy */ = {
			isa = PBXContainerItemProxy;
			containerPortal = 203F6DB81B710820004B4AC1 /* Project object */;
			proxyType = 1;
			remoteGlobalIDString = 203F6DBF1B710820004B4AC1;
			remoteInfo = testSwift2;
		};
		203F6DE31B710820004B4AC1 /* PBXContainerItemProxy */ = {
			isa = PBXContainerItemProxy;
			containerPortal = 203F6DB81B710820004B4AC1 /* Project object */;
			proxyType = 1;
			remoteGlobalIDString = 203F6DBF1B710820004B4AC1;
			remoteInfo = testSwift2;
		};
/* End PBXContainerItemProxy section */

/* Begin PBXFileReference section */
		203F6DC01B710820004B4AC1 /* testSwift2.app */ = {isa = PBXFileReference; explicitFileType = wrapper.application; includeInIndex = 0; path = testSwift2.app; sourceTree = BUILT_PRODUCTS_DIR; };
		203F6DC31B710820004B4AC1 /* AppDelegate.swift */ = {isa = PBXFileReference; lastKnownFileType = sourcecode.swift; path = AppDelegate.swift; sourceTree = "<group>"; };
		203F6DC51B710820004B4AC1 /* ViewController.swift */ = {isa = PBXFileReference; lastKnownFileType = sourcecode.swift; path = ViewController.swift; sourceTree = "<group>"; };
		203F6DC81B710820004B4AC1 /* Base */ = {isa = PBXFileReference; lastKnownFileType = file.storyboard; name = Base; path = Base.lproj/Main.storyboard; sourceTree = "<group>"; };
		203F6DCB1B710820004B4AC1 /* testSwift2.xcdatamodel */ = {isa = PBXFileReference; lastKnownFileType = wrapper.xcdatamodel; path = testSwift2.xcdatamodel; sourceTree = "<group>"; };
		203F6DCD1B710820004B4AC1 /* Assets.xcassets */ = {isa = PBXFileReference; lastKnownFileType = folder.assetcatalog; path = Assets.xcassets; sourceTree = "<group>"; };
		203F6DD01B710820004B4AC1 /* Base */ = {isa = PBXFileReference; lastKnownFileType = file.storyboard; name = Base; path = Base.lproj/LaunchScreen.storyboard; sourceTree = "<group>"; };
		203F6DD21B710820004B4AC1 /* Info.plist */ = {isa = PBXFileReference; lastKnownFileType = text.plist.xml; path = Info.plist; sourceTree = "<group>"; };
		203F6DD71B710820004B4AC1 /* testSwift2Tests.xctest */ = {isa = PBXFileReference; explicitFileType = wrapper.cfbundle; includeInIndex = 0; path = testSwift2Tests.xctest; sourceTree = BUILT_PRODUCTS_DIR; };
		203F6DDB1B710820004B4AC1 /* testSwift2Tests.swift */ = {isa = PBXFileReference; lastKnownFileType = sourcecode.swift; path = testSwift2Tests.swift; sourceTree = "<group>"; };
		203F6DDD1B710820004B4AC1 /* Info.plist */ = {isa = PBXFileReference; lastKnownFileType = text.plist.xml; path = Info.plist; sourceTree = "<group>"; };
		203F6DE21B710820004B4AC1 /* testSwift2UITests.xctest */ = {isa = PBXFileReference; explicitFileType = wrapper.cfbundle; includeInIndex = 0; path = testSwift2UITests.xctest; sourceTree = BUILT_PRODUCTS_DIR; };
		203F6DE61B710820004B4AC1 /* testSwift2UITests.swift */ = {isa = PBXFileReference; lastKnownFileType = sourcecode.swift; path = testSwift2UITests.swift; sourceTree = "<group>"; };
		203F6DE81B710820004B4AC1 /* Info.plist */ = {isa = PBXFileReference; lastKnownFileType = text.plist.xml; path = Info.plist; sourceTree = "<group>"; };
/* End PBXFileReference section */

/* Begin PBXFrameworksBuildPhase section */
		203F6DBD1B710820004B4AC1 /* Frameworks */ = {
			isa = PBXFrameworksBuildPhase;
			buildActionMask = 2147483647;
			files = (
			);
			runOnlyForDeploymentPostprocessing = 0;
		};
		203F6DD41B710820004B4AC1 /* Frameworks */ = {
			isa = PBXFrameworksBuildPhase;
			buildActionMask = 2147483647;
			files = (
			);
			runOnlyForDeploymentPostprocessing = 0;
		};
		203F6DDF1B710820004B4AC1 /* Frameworks */ = {
			isa = PBXFrameworksBuildPhase;
			buildActionMask = 2147483647;
			files = (
			);
			runOnlyForDeploymentPostprocessing = 0;
		};
/* End PBXFrameworksBuildPhase section */

/* Begin PBXGroup section */
		203F6DB71B710820004B4AC1 = {
			isa = PBXGroup;
			children = (
				203F6DC21B710820004B4AC1 /* testSwift2 */,
				203F6DDA1B710820004B4AC1 /* testSwift2Tests */,
				203F6DE51B710820004B4AC1 /* testSwift2UITests */,
				203F6DC11B710820004B4AC1 /* Products */,
			);
			sourceTree = "<group>";
		};
		203F6DC11B710820004B4AC1 /* Products */ = {
			isa = PBXGroup;
			children = (
				203F6DC01B710820004B4AC1 /* testSwift2.app */,
				203F6DD71B710820004B4AC1 /* testSwift2Tests.xctest */,
				203F6DE21B710820004B4AC1 /* testSwift2UITests.xctest */,
			);
			name = Products;
			sourceTree = "<group>";
		};
		203F6DC21B710820004B4AC1 /* testSwift2 */ = {
			isa = PBXGroup;
			children = (
				203F6DC31B710820004B4AC1 /* AppDelegate.swift */,
				203F6DC51B710820004B4AC1 /* ViewController.swift */,
				203F6DC71B710820004B4AC1 /* Main.storyboard */,
				203F6DCD1B710820004B4AC1 /* Assets.xcassets */,
				203F6DCF1B710820004B4AC1 /* LaunchScreen.storyboard */,
				203F6DD21B710820004B4AC1 /* Info.plist */,
				203F6DCA1B710820004B4AC1 /* testSwift2.xcdatamodeld */,
			);
			path = testSwift2;
			sourceTree = "<group>";
		};
		203F6DDA1B710820004B4AC1 /* testSwift2Tests */ = {
			isa = PBXGroup;
			children = (
				203F6DDB1B710820004B4AC1 /* testSwift2Tests.swift */,
				203F6DDD1B710820004B4AC1 /* Info.plist */,
			);
			path = testSwift2Tests;
			sourceTree = "<group>";
		};
		203F6DE51B710820004B4AC1 /* testSwift2UITests */ = {
			isa = PBXGroup;
			children = (
				203F6DE61B710820004B4AC1 /* testSwift2UITests.swift */,
				203F6DE81B710820004B4AC1 /* Info.plist */,
			);
			path = testSwift2UITests;
			sourceTree = "<group>";
		};
/* End PBXGroup section */

/* Begin PBXNativeTarget section */
		203F6DBF1B710820004B4AC1 /* testSwift2 */ = {
			isa = PBXNativeTarget;
			buildConfigurationList = 203F6DEB1B710820004B4AC1 /* Build configuration list for PBXNativeTarget "testSwift2" */;
			buildPhases = (
				203F6DBC1B710820004B4AC1 /* Sources */,
				203F6DBD1B710820004B4AC1 /* Frameworks */,
				203F6DBE1B710820004B4AC1 /* Resources */,
			);
			buildRules = (
			);
			dependencies = (
			);
			name = testSwift2;
			productName = testSwift2;
			productReference = 203F6DC01B710820004B4AC1 /* testSwift2.app */;
			productType = "com.apple.product-type.application";
		};
		203F6DD61B710820004B4AC1 /* testSwift2Tests */ = {
			isa = PBXNativeTarget;
			buildConfigurationList = 203F6DEE1B710820004B4AC1 /* Build configuration list for PBXNativeTarget "testSwift2Tests" */;
			buildPhases = (
				203F6DD31B710820004B4AC1 /* Sources */,
				203F6DD41B710820004B4AC1 /* Frameworks */,
				203F6DD51B710820004B4AC1 /* Resources */,
			);
			buildRules = (
			);
			dependencies = (
				203F6DD91B710820004B4AC1 /* PBXTargetDependency */,
			);
			name = testSwift2Tests;
			productName = testSwift2Tests;
			productReference = 203F6DD71B710820004B4AC1 /* testSwift2Tests.xctest */;
			productType = "com.apple.product-type.bundle.unit-test";
		};
		203F6DE11B710820004B4AC1 /* testSwift2UITests */ = {
			isa = PBXNativeTarget;
			buildConfigurationList = 203F6DF11B710820004B4AC1 /* Build configuration list for PBXNativeTarget "testSwift2UITests" */;
			buildPhases = (
				203F6DDE1B710820004B4AC1 /* Sources */,
				203F6DDF1B710820004B4AC1 /* Frameworks */,
				203F6DE01B710820004B4AC1 /* Resources */,
			);
			buildRules = (
			);
			dependencies = (
				203F6DE41B710820004B4AC1 /* PBXTargetDependency */,
			);
			name = testSwift2UITests;
			productName = testSwift2UITests;
			productReference = 203F6DE21B710820004B4AC1 /* testSwift2UITests.xctest */;
			productType = "com.apple.product-type.bundle.ui-testing";
		};
/* End PBXNativeTarget section */

/* Begin PBXProject section */
		203F6DB81B710820004B4AC1 /* Project object */ = {
			isa = PBXProject;
			attributes = {
				LastUpgradeCheck = 0700;
				ORGANIZATIONNAME = "万畅";
				TargetAttributes = {
					203F6DBF1B710820004B4AC1 = {
						CreatedOnToolsVersion = 7.0;
					};
					203F6DD61B710820004B4AC1 = {
						CreatedOnToolsVersion = 7.0;
						TestTargetID = 203F6DBF1B710820004B4AC1;
					};
					203F6DE11B710820004B4AC1 = {
						CreatedOnToolsVersion = 7.0;
						TestTargetID = 203F6DBF1B710820004B4AC1;
					};
				};
			};
			buildConfigurationList = 203F6DBB1B710820004B4AC1 /* Build configuration list for PBXProject "testSwift2" */;
			compatibilityVersion = "Xcode 3.2";
			developmentRegion = English;
			hasScannedForEncodings = 0;
			knownRegions = (
				en,
				Base,
			);
			mainGroup = 203F6DB71B710820004B4AC1;
			productRefGroup = 203F6DC11B710820004B4AC1 /* Products */;
			projectDirPath = "";
			projectRoot = "";
			targets = (
				203F6DBF1B710820004B4AC1 /* testSwift2 */,
				203F6DD61B710820004B4AC1 /* testSwift2Tests */,
				203F6DE11B710820004B4AC1 /* testSwift2UITests */,
			);
		};
/* End PBXProject section */

/* Begin PBXResourcesBuildPhase section */
		203F6DBE1B710820004B4AC1 /* Resources */ = {
			isa = PBXResourcesBuildPhase;
			buildActionMask = 2147483647;
			files = (
				203F6DD11B710820004B4AC1 /* LaunchScreen.storyboard in Resources */,
				203F6DCE1B710820004B4AC1 /* Assets.xcassets in Resources */,
				203F6DC91B710820004B4AC1 /* Main.storyboard in Resources */,
			);
			runOnlyForDeploymentPostprocessing = 0;
		};
		203F6DD51B710820004B4AC1 /* Resources */ = {
			isa = PBXResourcesBuildPhase;
			buildActionMask = 2147483647;
			files = (
			);
			runOnlyForDeploymentPostprocessing = 0;
		};
		203F6DE01B710820004B4AC1 /* Resources */ = {
			isa = PBXResourcesBuildPhase;
			buildActionMask = 2147483647;
			files = (
			);
			runOnlyForDeploymentPostprocessing = 0;
		};
/* End PBXResourcesBuildPhase section */

/* Begin PBXSourcesBuildPhase section */
		203F6DBC1B710820004B4AC1 /* Sources */ = {
			isa = PBXSourcesBuildPhase;
			buildActionMask = 2147483647;
			files = (
				203F6DC61B710820004B4AC1 /* ViewController.swift in Sources */,
				203F6DCC1B710820004B4AC1 /* testSwift2.xcdatamodeld in Sources */,
				203F6DC41B710820004B4AC1 /* AppDelegate.swift in Sources */,
			);
			runOnlyForDeploymentPostprocessing = 0;
		};
		203F6DD31B710820004B4AC1 /* Sources */ = {
			isa = PBXSourcesBuildPhase;
			buildActionMask = 2147483647;
			files = (
				203F6DDC1B710820004B4AC1 /* testSwift2Tests.swift in Sources */,
			);
			runOnlyForDeploymentPostprocessing = 0;
		};
		203F6DDE1B710820004B4AC1 /* Sources */ = {
			isa = PBXSourcesBuildPhase;
			buildActionMask = 2147483647;
			files = (
				203F6DE71B710820004B4AC1 /* testSwift2UITests.swift in Sources */,
			);
			runOnlyForDeploymentPostprocessing = 0;
		};
/* End PBXSourcesBuildPhase section */

/* Begin PBXTargetDependency section */
		203F6DD91B710820004B4AC1 /* PBXTargetDependency */ = {
			isa = PBXTargetDependency;
			target = 203F6DBF1B710820004B4AC1 /* testSwift2 */;
			targetProxy = 203F6DD81B710820004B4AC1 /* PBXContainerItemProxy */;
		};
		203F6DE41B710820004B4AC1 /* PBXTargetDependency */ = {
			isa = PBXTargetDependency;
			target = 203F6DBF1B710820004B4AC1 /* testSwift2 */;
			targetProxy = 203F6DE31B710820004B4AC1 /* PBXContainerItemProxy */;
		};
/* End PBXTargetDependency section */

/* Begin PBXVariantGroup section */
		203F6DC71B710820004B4AC1 /* Main.storyboard */ = {
			isa = PBXVariantGroup;
			children = (
				203F6DC81B710820004B4AC1 /* Base */,
			);
			name = Main.storyboard;
			sourceTree = "<group>";
		};
		203F6DCF1B710820004B4AC1 /* LaunchScreen.storyboard */ = {
			isa = PBXVariantGroup;
			children = (
				203F6DD01B710820004B4AC1 /* Base */,
			);
			name = LaunchScreen.storyboard;
			sourceTree = "<group>";
		};
/* End PBXVariantGroup section */

/* Begin XCBuildConfiguration section */
		203F6DE91B710820004B4AC1 /* Debug */ = {
			isa = XCBuildConfiguration;
			buildSettings = {
				ALWAYS_SEARCH_USER_PATHS = NO;
				CLANG_CXX_LANGUAGE_STANDARD = "gnu++0x";
				CLANG_CXX_LIBRARY = "libc++";
				CLANG_ENABLE_MODULES = YES;
				CLANG_ENABLE_OBJC_ARC = YES;
				CLANG_WARN_BOOL_CONVERSION = YES;
				CLANG_WARN_CONSTANT_CONVERSION = YES;
				CLANG_WARN_DIRECT_OBJC_ISA_USAGE = YES_ERROR;
				CLANG_WARN_EMPTY_BODY = YES;
				CLANG_WARN_ENUM_CONVERSION = YES;
				CLANG_WARN_INT_CONVERSION = YES;
				CLANG_WARN_OBJC_ROOT_CLASS = YES_ERROR;
				CLANG_WARN_UNREACHABLE_CODE = YES;
				CLANG_WARN__DUPLICATE_METHOD_MATCH = YES;
				"CODE_SIGN_IDENTITY[sdk=iphoneos*]" = "iPhone Developer";
				COPY_PHASE_STRIP = NO;
				DEBUG_INFORMATION_FORMAT = dwarf;
				ENABLE_STRICT_OBJC_MSGSEND = YES;
				ENABLE_TESTABILITY = YES;
				GCC_C_LANGUAGE_STANDARD = gnu99;
				GCC_DYNAMIC_NO_PIC = NO;
				GCC_NO_COMMON_BLOCKS = YES;
				GCC_OPTIMIZATION_LEVEL = 0;
				GCC_PREPROCESSOR_DEFINITIONS = (
					"DEBUG=1",
					"$(inherited)",
				);
				GCC_WARN_64_TO_32_BIT_CONVERSION = YES;
				GCC_WARN_ABOUT_RETURN_TYPE = YES_ERROR;
				GCC_WARN_UNDECLARED_SELECTOR = YES;
				GCC_WARN_UNINITIALIZED_AUTOS = YES_AGGRESSIVE;
				GCC_WARN_UNUSED_FUNCTION = YES;
				GCC_WARN_UNUSED_VARIABLE = YES;
				IPHONEOS_DEPLOYMENT_TARGET = 9.0;
				MTL_ENABLE_DEBUG_INFO = YES;
				ONLY_ACTIVE_ARCH = YES;
				SDKROOT = iphoneos;
				SWIFT_OPTIMIZATION_LEVEL = "-Onone";
				TARGETED_DEVICE_FAMILY = "1,2";
			};
			name = Debug;
		};
		203F6DEA1B710820004B4AC1 /* Release */ = {
			isa = XCBuildConfiguration;
			buildSettings = {
				ALWAYS_SEARCH_USER_PATHS = NO;
				CLANG_CXX_LANGUAGE_STANDARD = "gnu++0x";
				CLANG_CXX_LIBRARY = "libc++";
				CLANG_ENABLE_MODULES = YES;
				CLANG_ENABLE_OBJC_ARC = YES;
				CLANG_WARN_BOOL_CONVERSION = YES;
				CLANG_WARN_CONSTANT_CONVERSION = YES;
				CLANG_WARN_DIRECT_OBJC_ISA_USAGE = YES_ERROR;
				CLANG_WARN_EMPTY_BODY = YES;
				CLANG_WARN_ENUM_CONVERSION = YES;
				CLANG_WARN_INT_CONVERSION = YES;
				CLANG_WARN_OBJC_ROOT_CLASS = YES_ERROR;
				CLANG_WARN_UNREACHABLE_CODE = YES;
				CLANG_WARN__DUPLICATE_METHOD_MATCH = YES;
				"CODE_SIGN_IDENTITY[sdk=iphoneos*]" = "iPhone Developer";
				COPY_PHASE_STRIP = NO;
				DEBUG_INFORMATION_FORMAT = "dwarf-with-dsym";
				ENABLE_NS_ASSERTIONS = NO;
				ENABLE_STRICT_OBJC_MSGSEND = YES;
				GCC_C_LANGUAGE_STANDARD = gnu99;
				GCC_NO_COMMON_BLOCKS = YES;
				GCC_WARN_64_TO_32_BIT_CONVERSION = YES;
				GCC_WARN_ABOUT_RETURN_TYPE = YES_ERROR;
				GCC_WARN_UNDECLARED_SELECTOR = YES;
				GCC_WARN_UNINITIALIZED_AUTOS = YES_AGGRESSIVE;
				GCC_WARN_UNUSED_FUNCTION = YES;
				GCC_WARN_UNUSED_VARIABLE = YES;
				IPHONEOS_DEPLOYMENT_TARGET = 9.0;
				MTL_ENABLE_DEBUG_INFO = NO;
				SDKROOT = iphoneos;
				TARGETED_DEVICE_FAMILY = "1,2";
				VALIDATE_PRODUCT = YES;
			};
			name = Release;
		};
		203F6DEC1B710820004B4AC1 /* Debug */ = {
			isa = XCBuildConfiguration;
			buildSettings = {
				ASSETCATALOG_COMPILER_APPICON_NAME = AppIcon;
				INFOPLIST_FILE = testSwift2/Info.plist;
				LD_RUNPATH_SEARCH_PATHS = "$(inherited) @executable_path/Frameworks";
				PRODUCT_BUNDLE_IDENTIFIER = abel.testSwift2;
				PRODUCT_NAME = "$(TARGET_NAME)";
			};
			name = Debug;
		};
		203F6DED1B710820004B4AC1 /* Release */ = {
			isa = XCBuildConfiguration;
			buildSettings = {
				ASSETCATALOG_COMPILER_APPICON_NAME = AppIcon;
				INFOPLIST_FILE = testSwift2/Info.plist;
				LD_RUNPATH_SEARCH_PATHS = "$(inherited) @executable_path/Frameworks";
				PRODUCT_BUNDLE_IDENTIFIER = abel.testSwift2;
				PRODUCT_NAME = "$(TARGET_NAME)";
			};
			name = Release;
		};
		203F6DEF1B710820004B4AC1 /* Debug */ = {
			isa = XCBuildConfiguration;
			buildSettings = {
				BUNDLE_LOADER = "$(TEST_HOST)";
				INFOPLIST_FILE = testSwift2Tests/Info.plist;
				LD_RUNPATH_SEARCH_PATHS = "$(inherited) @executable_path/Frameworks @loader_path/Frameworks";
				PRODUCT_BUNDLE_IDENTIFIER = abel.testSwift2Tests;
				PRODUCT_NAME = "$(TARGET_NAME)";
				TEST_HOST = "$(BUILT_PRODUCTS_DIR)/testSwift2.app/testSwift2";
			};
			name = Debug;
		};
		203F6DF01B710820004B4AC1 /* Release */ = {
			isa = XCBuildConfiguration;
			buildSettings = {
				BUNDLE_LOADER = "$(TEST_HOST)";
				INFOPLIST_FILE = testSwift2Tests/Info.plist;
				LD_RUNPATH_SEARCH_PATHS = "$(inherited) @executable_path/Frameworks @loader_path/Frameworks";
				PRODUCT_BUNDLE_IDENTIFIER = abel.testSwift2Tests;
				PRODUCT_NAME = "$(TARGET_NAME)";
				TEST_HOST = "$(BUILT_PRODUCTS_DIR)/testSwift2.app/testSwift2";
			};
			name = Release;
		};
		203F6DF21B710820004B4AC1 /* Debug */ = {
			isa = XCBuildConfiguration;
			buildSettings = {
				INFOPLIST_FILE = testSwift2UITests/Info.plist;
				LD_RUNPATH_SEARCH_PATHS = "$(inherited) @executable_path/Frameworks @loader_path/Frameworks";
				PRODUCT_BUNDLE_IDENTIFIER = abel.testSwift2UITests;
				PRODUCT_NAME = "$(TARGET_NAME)";
				TEST_TARGET_NAME = testSwift2;
				USES_XCTRUNNER = YES;
			};
			name = Debug;
		};
		203F6DF31B710820004B4AC1 /* Release */ = {
			isa = XCBuildConfiguration;
			buildSettings = {
				INFOPLIST_FILE = testSwift2UITests/Info.plist;
				LD_RUNPATH_SEARCH_PATHS = "$(inherited) @executable_path/Frameworks @loader_path/Frameworks";
				PRODUCT_BUNDLE_IDENTIFIER = abel.testSwift2UITests;
				PRODUCT_NAME = "$(TARGET_NAME)";
				TEST_TARGET_NAME = testSwift2;
				USES_XCTRUNNER = YES;
			};
			name = Release;
		};
/* End XCBuildConfiguration section */

/* Begin XCConfigurationList section */
		203F6DBB1B710820004B4AC1 /* Build configuration list for PBXProject "testSwift2" */ = {
			isa = XCConfigurationList;
			buildConfigurations = (
				203F6DE91B710820004B4AC1 /* Debug */,
				203F6DEA1B710820004B4AC1 /* Release */,
			);
			defaultConfigurationIsVisible = 0;
			defaultConfigurationName = Release;
		};
		203F6DEB1B710820004B4AC1 /* Build configuration list for PBXNativeTarget "testSwift2" */ = {
			isa = XCConfigurationList;
			buildConfigurations = (
				203F6DEC1B710820004B4AC1 /* Debug */,
				203F6DED1B710820004B4AC1 /* Release */,
			);
			defaultConfigurationIsVisible = 0;
		};
		203F6DEE1B710820004B4AC1 /* Build configuration list for PBXNativeTarget "testSwift2Tests" */ = {
			isa = XCConfigurationList;
			buildConfigurations = (
				203F6DEF1B710820004B4AC1 /* Debug */,
				203F6DF01B710820004B4AC1 /* Release */,
			);
			defaultConfigurationIsVisible = 0;
		};
		203F6DF11B710820004B4AC1 /* Build configuration list for PBXNativeTarget "testSwift2UITests" */ = {
			isa = XCConfigurationList;
			buildConfigurations = (
				203F6DF21B710820004B4AC1 /* Debug */,
				203F6DF31B710820004B4AC1 /* Release */,
			);
			defaultConfigurationIsVisible = 0;
		};
/* End XCConfigurationList section */

/* Begin XCVersionGroup section */
		203F6DCA1B710820004B4AC1 /* testSwift2.xcdatamodeld */ = {
			isa = XCVersionGroup;
			children = (
				203F6DCB1B710820004B4AC1 /* testSwift2.xcdatamodel */,
			);
			currentVersion = 203F6DCB1B710820004B4AC1 /* testSwift2.xcdatamodel */;
			path = testSwift2.xcdatamodeld;
			sourceTree = "<group>";
			versionGroupType = wrapper.xcdatamodel;
		};
/* End XCVersionGroup section */
	};
	rootObject = 203F6DB81B710820004B4AC1 /* Project object */;
}
