// !$*UTF8*$!
{
	archiveVersion = 1;
	classes = {
	};
	objectVersion = 46;
	objects = {

/* Begin PBXBuildFile section */
		B5A8B7AB1A9DE03D00B2282D /* AppDelegate.swift in Sources */ = {isa = PBXBuildFile; fileRef = B5A8B7AA1A9DE03D00B2282D /* AppDelegate.swift */; };
		B5A8B7AD1A9DE03D00B2282D /* ViewController.swift in Sources */ = {isa = PBXBuildFile; fileRef = B5A8B7AC1A9DE03D00B2282D /* ViewController.swift */; };
		B5A8B7B01A9DE03D00B2282D /* Main.storyboard in Resources */ = {isa = PBXBuildFile; fileRef = B5A8B7AE1A9DE03D00B2282D /* Main.storyboard */; };
		B5A8B7B21A9DE03D00B2282D /* Images.xcassets in Resources */ = {isa = PBXBuildFile; fileRef = B5A8B7B11A9DE03D00B2282D /* Images.xcassets */; };
		B5A8B7B51A9DE03D00B2282D /* LaunchScreen.xib in Resources */ = {isa = PBXBuildFile; fileRef = B5A8B7B31A9DE03D00B2282D /* LaunchScreen.xib */; };
		B5A8B7C11A9DE03D00B2282D /* _PassortTests.swift in Sources */ = {isa = PBXBuildFile; fileRef = B5A8B7C01A9DE03D00B2282D /* _PassortTests.swift */; };
		B5A8B7CD1A9F17E000B2282D /* beatiful.jpg in Resources */ = {isa = PBXBuildFile; fileRef = B5A8B7CC1A9F17E000B2282D /* beatiful.jpg */; };
		B5A8B7CF1A9F1A7100B2282D /* CountriesTableViewController.swift in Sources */ = {isa = PBXBuildFile; fileRef = B5A8B7CE1A9F1A7100B2282D /* CountriesTableViewController.swift */; };
/* End PBXBuildFile section */

/* Begin PBXContainerItemProxy section */
		B5A8B7BB1A9DE03D00B2282D /* PBXContainerItemProxy */ = {
			isa = PBXContainerItemProxy;
			containerPortal = B5A8B79D1A9DE03D00B2282D /* Project object */;
			proxyType = 1;
			remoteGlobalIDString = B5A8B7A41A9DE03D00B2282D;
			remoteInfo = 5Passort;
		};
/* End PBXContainerItemProxy section */

/* Begin PBXFileReference section */
		B5A8B7A51A9DE03D00B2282D /* 5Passort.app */ = {isa = PBXFileReference; explicitFileType = wrapper.application; includeInIndex = 0; path = 5Passort.app; sourceTree = BUILT_PRODUCTS_DIR; };
		B5A8B7A91A9DE03D00B2282D /* Info.plist */ = {isa = PBXFileReference; lastKnownFileType = text.plist.xml; path = Info.plist; sourceTree = "<group>"; };
		B5A8B7AA1A9DE03D00B2282D /* AppDelegate.swift */ = {isa = PBXFileReference; lastKnownFileType = sourcecode.swift; path = AppDelegate.swift; sourceTree = "<group>"; };
		B5A8B7AC1A9DE03D00B2282D /* ViewController.swift */ = {isa = PBXFileReference; lastKnownFileType = sourcecode.swift; path = ViewController.swift; sourceTree = "<group>"; };
		B5A8B7AF1A9DE03D00B2282D /* Base */ = {isa = PBXFileReference; lastKnownFileType = file.storyboard; name = Base; path = Base.lproj/Main.storyboard; sourceTree = "<group>"; };
		B5A8B7B11A9DE03D00B2282D /* Images.xcassets */ = {isa = PBXFileReference; lastKnownFileType = folder.assetcatalog; path = Images.xcassets; sourceTree = "<group>"; };
		B5A8B7B41A9DE03D00B2282D /* Base */ = {isa = PBXFileReference; lastKnownFileType = file.xib; name = Base; path = Base.lproj/LaunchScreen.xib; sourceTree = "<group>"; };
		B5A8B7BA1A9DE03D00B2282D /* 5PassortTests.xctest */ = {isa = PBXFileReference; explicitFileType = wrapper.cfbundle; includeInIndex = 0; path = 5PassortTests.xctest; sourceTree = BUILT_PRODUCTS_DIR; };
		B5A8B7BF1A9DE03D00B2282D /* Info.plist */ = {isa = PBXFileReference; lastKnownFileType = text.plist.xml; path = Info.plist; sourceTree = "<group>"; };
		B5A8B7C01A9DE03D00B2282D /* _PassortTests.swift */ = {isa = PBXFileReference; lastKnownFileType = sourcecode.swift; path = _PassortTests.swift; sourceTree = "<group>"; };
		B5A8B7CC1A9F17E000B2282D /* beatiful.jpg */ = {isa = PBXFileReference; lastKnownFileType = image.jpeg; path = beatiful.jpg; sourceTree = "<group>"; };
		B5A8B7CE1A9F1A7100B2282D /* CountriesTableViewController.swift */ = {isa = PBXFileReference; fileEncoding = 4; lastKnownFileType = sourcecode.swift; path = CountriesTableViewController.swift; sourceTree = "<group>"; };
/* End PBXFileReference section */

/* Begin PBXFrameworksBuildPhase section */
		B5A8B7A21A9DE03D00B2282D /* Frameworks */ = {
			isa = PBXFrameworksBuildPhase;
			buildActionMask = 2147483647;
			files = (
			);
			runOnlyForDeploymentPostprocessing = 0;
		};
		B5A8B7B71A9DE03D00B2282D /* Frameworks */ = {
			isa = PBXFrameworksBuildPhase;
			buildActionMask = 2147483647;
			files = (
			);
			runOnlyForDeploymentPostprocessing = 0;
		};
/* End PBXFrameworksBuildPhase section */

/* Begin PBXGroup section */
		B5A8B79C1A9DE03D00B2282D = {
			isa = PBXGroup;
			children = (
				B5A8B7A71A9DE03D00B2282D /* 5Passort */,
				B5A8B7BD1A9DE03D00B2282D /* 5PassortTests */,
				B5A8B7A61A9DE03D00B2282D /* Products */,
			);
			sourceTree = "<group>";
		};
		B5A8B7A61A9DE03D00B2282D /* Products */ = {
			isa = PBXGroup;
			children = (
				B5A8B7A51A9DE03D00B2282D /* 5Passort.app */,
				B5A8B7BA1A9DE03D00B2282D /* 5PassortTests.xctest */,
			);
			name = Products;
			sourceTree = "<group>";
		};
		B5A8B7A71A9DE03D00B2282D /* 5Passort */ = {
			isa = PBXGroup;
			children = (
				B5A8B7CC1A9F17E000B2282D /* beatiful.jpg */,
				B5A8B7AA1A9DE03D00B2282D /* AppDelegate.swift */,
				B5A8B7AC1A9DE03D00B2282D /* ViewController.swift */,
				B5A8B7AE1A9DE03D00B2282D /* Main.storyboard */,
				B5A8B7CE1A9F1A7100B2282D /* CountriesTableViewController.swift */,
				B5A8B7B11A9DE03D00B2282D /* Images.xcassets */,
				B5A8B7B31A9DE03D00B2282D /* LaunchScreen.xib */,
				B5A8B7A81A9DE03D00B2282D /* Supporting Files */,
			);
			path = 5Passort;
			sourceTree = "<group>";
		};
		B5A8B7A81A9DE03D00B2282D /* Supporting Files */ = {
			isa = PBXGroup;
			children = (
				B5A8B7A91A9DE03D00B2282D /* Info.plist */,
			);
			name = "Supporting Files";
			sourceTree = "<group>";
		};
		B5A8B7BD1A9DE03D00B2282D /* 5PassortTests */ = {
			isa = PBXGroup;
			children = (
				B5A8B7C01A9DE03D00B2282D /* _PassortTests.swift */,
				B5A8B7BE1A9DE03D00B2282D /* Supporting Files */,
			);
			path = 5PassortTests;
			sourceTree = "<group>";
		};
		B5A8B7BE1A9DE03D00B2282D /* Supporting Files */ = {
			isa = PBXGroup;
			children = (
				B5A8B7BF1A9DE03D00B2282D /* Info.plist */,
			);
			name = "Supporting Files";
			sourceTree = "<group>";
		};
/* End PBXGroup section */

/* Begin PBXNativeTarget section */
		B5A8B7A41A9DE03D00B2282D /* 5Passort */ = {
			isa = PBXNativeTarget;
			buildConfigurationList = B5A8B7C41A9DE03D00B2282D /* Build configuration list for PBXNativeTarget "5Passort" */;
			buildPhases = (
				B5A8B7A11A9DE03D00B2282D /* Sources */,
				B5A8B7A21A9DE03D00B2282D /* Frameworks */,
				B5A8B7A31A9DE03D00B2282D /* Resources */,
			);
			buildRules = (
			);
			dependencies = (
			);
			name = 5Passort;
			productName = 5Passort;
			productReference = B5A8B7A51A9DE03D00B2282D /* 5Passort.app */;
			productType = "com.apple.product-type.application";
		};
		B5A8B7B91A9DE03D00B2282D /* 5PassortTests */ = {
			isa = PBXNativeTarget;
			buildConfigurationList = B5A8B7C71A9DE03D00B2282D /* Build configuration list for PBXNativeTarget "5PassortTests" */;
			buildPhases = (
				B5A8B7B61A9DE03D00B2282D /* Sources */,
				B5A8B7B71A9DE03D00B2282D /* Frameworks */,
				B5A8B7B81A9DE03D00B2282D /* Resources */,
			);
			buildRules = (
			);
			dependencies = (
				B5A8B7BC1A9DE03D00B2282D /* PBXTargetDependency */,
			);
			name = 5PassortTests;
			productName = 5PassortTests;
			productReference = B5A8B7BA1A9DE03D00B2282D /* 5PassortTests.xctest */;
			productType = "com.apple.product-type.bundle.unit-test";
		};
/* End PBXNativeTarget section */

/* Begin PBXProject section */
		B5A8B79D1A9DE03D00B2282D /* Project object */ = {
			isa = PBXProject;
			attributes = {
				LastUpgradeCheck = 0610;
				ORGANIZATIONNAME = abel;
				TargetAttributes = {
					B5A8B7A41A9DE03D00B2282D = {
						CreatedOnToolsVersion = 6.1.1;
					};
					B5A8B7B91A9DE03D00B2282D = {
						CreatedOnToolsVersion = 6.1.1;
						TestTargetID = B5A8B7A41A9DE03D00B2282D;
					};
				};
			};
			buildConfigurationList = B5A8B7A01A9DE03D00B2282D /* Build configuration list for PBXProject "7PassortMutipleDevices" */;
			compatibilityVersion = "Xcode 3.2";
			developmentRegion = English;
			hasScannedForEncodings = 0;
			knownRegions = (
				en,
				Base,
			);
			mainGroup = B5A8B79C1A9DE03D00B2282D;
			productRefGroup = B5A8B7A61A9DE03D00B2282D /* Products */;
			projectDirPath = "";
			projectRoot = "";
			targets = (
				B5A8B7A41A9DE03D00B2282D /* 5Passort */,
				B5A8B7B91A9DE03D00B2282D /* 5PassortTests */,
			);
		};
/* End PBXProject section */

/* Begin PBXResourcesBuildPhase section */
		B5A8B7A31A9DE03D00B2282D /* Resources */ = {
			isa = PBXResourcesBuildPhase;
			buildActionMask = 2147483647;
			files = (
				B5A8B7B01A9DE03D00B2282D /* Main.storyboard in Resources */,
				B5A8B7B51A9DE03D00B2282D /* LaunchScreen.xib in Resources */,
				B5A8B7B21A9DE03D00B2282D /* Images.xcassets in Resources */,
				B5A8B7CD1A9F17E000B2282D /* beatiful.jpg in Resources */,
			);
			runOnlyForDeploymentPostprocessing = 0;
		};
		B5A8B7B81A9DE03D00B2282D /* Resources */ = {
			isa = PBXResourcesBuildPhase;
			buildActionMask = 2147483647;
			files = (
			);
			runOnlyForDeploymentPostprocessing = 0;
		};
/* End PBXResourcesBuildPhase section */

/* Begin PBXSourcesBuildPhase section */
		B5A8B7A11A9DE03D00B2282D /* Sources */ = {
			isa = PBXSourcesBuildPhase;
			buildActionMask = 2147483647;
			files = (
				B5A8B7AD1A9DE03D00B2282D /* ViewController.swift in Sources */,
				B5A8B7CF1A9F1A7100B2282D /* CountriesTableViewController.swift in Sources */,
				B5A8B7AB1A9DE03D00B2282D /* AppDelegate.swift in Sources */,
			);
			runOnlyForDeploymentPostprocessing = 0;
		};
		B5A8B7B61A9DE03D00B2282D /* Sources */ = {
			isa = PBXSourcesBuildPhase;
			buildActionMask = 2147483647;
			files = (
				B5A8B7C11A9DE03D00B2282D /* _PassortTests.swift in Sources */,
			);
			runOnlyForDeploymentPostprocessing = 0;
		};
/* End PBXSourcesBuildPhase section */

/* Begin PBXTargetDependency section */
		B5A8B7BC1A9DE03D00B2282D /* PBXTargetDependency */ = {
			isa = PBXTargetDependency;
			target = B5A8B7A41A9DE03D00B2282D /* 5Passort */;
			targetProxy = B5A8B7BB1A9DE03D00B2282D /* PBXContainerItemProxy */;
		};
/* End PBXTargetDependency section */

/* Begin PBXVariantGroup section */
		B5A8B7AE1A9DE03D00B2282D /* Main.storyboard */ = {
			isa = PBXVariantGroup;
			children = (
				B5A8B7AF1A9DE03D00B2282D /* Base */,
			);
			name = Main.storyboard;
			sourceTree = "<group>";
		};
		B5A8B7B31A9DE03D00B2282D /* LaunchScreen.xib */ = {
			isa = PBXVariantGroup;
			children = (
				B5A8B7B41A9DE03D00B2282D /* Base */,
			);
			name = LaunchScreen.xib;
			sourceTree = "<group>";
		};
/* End PBXVariantGroup section */

/* Begin XCBuildConfiguration section */
		B5A8B7C21A9DE03D00B2282D /* Debug */ = {
			isa = XCBuildConfiguration;
			buildSettings = {
				ALWAYS_SEARCH_USER_PATHS = NO;
				CLANG_CXX_LANGUAGE_STANDARD = "gnu++0x";
				CLANG_CXX_LIBRARY = "libc++";
				CLANG_ENABLE_MODULES = YES;
				CLANG_ENABLE_OBJC_ARC = YES;
				CLANG_WARN_BOOL_CONVERSION = YES;
				CLANG_WARN_CONSTANT_CONVERSION = YES;
				CLANG_WARN_DIRECT_OBJC_ISA_USAGE = YES_ERROR;
				CLANG_WARN_EMPTY_BODY = YES;
				CLANG_WARN_ENUM_CONVERSION = YES;
				CLANG_WARN_INT_CONVERSION = YES;
				CLANG_WARN_OBJC_ROOT_CLASS = YES_ERROR;
				CLANG_WARN_UNREACHABLE_CODE = YES;
				CLANG_WARN__DUPLICATE_METHOD_MATCH = YES;
				"CODE_SIGN_IDENTITY[sdk=iphoneos*]" = "iPhone Developer";
				COPY_PHASE_STRIP = NO;
				ENABLE_STRICT_OBJC_MSGSEND = YES;
				GCC_C_LANGUAGE_STANDARD = gnu99;
				GCC_DYNAMIC_NO_PIC = NO;
				GCC_OPTIMIZATION_LEVEL = 0;
				GCC_PREPROCESSOR_DEFINITIONS = (
					"DEBUG=1",
					"$(inherited)",
				);
				GCC_SYMBOLS_PRIVATE_EXTERN = NO;
				GCC_WARN_64_TO_32_BIT_CONVERSION = YES;
				GCC_WARN_ABOUT_RETURN_TYPE = YES_ERROR;
				GCC_WARN_UNDECLARED_SELECTOR = YES;
				GCC_WARN_UNINITIALIZED_AUTOS = YES_AGGRESSIVE;
				GCC_WARN_UNUSED_FUNCTION = YES;
				GCC_WARN_UNUSED_VARIABLE = YES;
				IPHONEOS_DEPLOYMENT_TARGET = 8.1;
				MTL_ENABLE_DEBUG_INFO = YES;
				ONLY_ACTIVE_ARCH = YES;
				SDKROOT = iphoneos;
				SWIFT_OPTIMIZATION_LEVEL = "-Onone";
			};
			name = Debug;
		};
		B5A8B7C31A9DE03D00B2282D /* Release */ = {
			isa = XCBuildConfiguration;
			buildSettings = {
				ALWAYS_SEARCH_USER_PATHS = NO;
				CLANG_CXX_LANGUAGE_STANDARD = "gnu++0x";
				CLANG_CXX_LIBRARY = "libc++";
				CLANG_ENABLE_MODULES = YES;
				CLANG_ENABLE_OBJC_ARC = YES;
				CLANG_WARN_BOOL_CONVERSION = YES;
				CLANG_WARN_CONSTANT_CONVERSION = YES;
				CLANG_WARN_DIRECT_OBJC_ISA_USAGE = YES_ERROR;
				CLANG_WARN_EMPTY_BODY = YES;
				CLANG_WARN_ENUM_CONVERSION = YES;
				CLANG_WARN_INT_CONVERSION = YES;
				CLANG_WARN_OBJC_ROOT_CLASS = YES_ERROR;
				CLANG_WARN_UNREACHABLE_CODE = YES;
				CLANG_WARN__DUPLICATE_METHOD_MATCH = YES;
				"CODE_SIGN_IDENTITY[sdk=iphoneos*]" = "iPhone Developer";
				COPY_PHASE_STRIP = YES;
				ENABLE_NS_ASSERTIONS = NO;
				ENABLE_STRICT_OBJC_MSGSEND = YES;
				GCC_C_LANGUAGE_STANDARD = gnu99;
				GCC_WARN_64_TO_32_BIT_CONVERSION = YES;
				GCC_WARN_ABOUT_RETURN_TYPE = YES_ERROR;
				GCC_WARN_UNDECLARED_SELECTOR = YES;
				GCC_WARN_UNINITIALIZED_AUTOS = YES_AGGRESSIVE;
				GCC_WARN_UNUSED_FUNCTION = YES;
				GCC_WARN_UNUSED_VARIABLE = YES;
				IPHONEOS_DEPLOYMENT_TARGET = 8.1;
				MTL_ENABLE_DEBUG_INFO = NO;
				SDKROOT = iphoneos;
				VALIDATE_PRODUCT = YES;
			};
			name = Release;
		};
		B5A8B7C51A9DE03D00B2282D /* Debug */ = {
			isa = XCBuildConfiguration;
			buildSettings = {
				ASSETCATALOG_COMPILER_APPICON_NAME = AppIcon;
				INFOPLIST_FILE = 5Passort/Info.plist;
				LD_RUNPATH_SEARCH_PATHS = "$(inherited) @executable_path/Frameworks";
				PRODUCT_NAME = 5Passort;
				TARGETED_DEVICE_FAMILY = "1,2";
			};
			name = Debug;
		};
		B5A8B7C61A9DE03D00B2282D /* Release */ = {
			isa = XCBuildConfiguration;
			buildSettings = {
				ASSETCATALOG_COMPILER_APPICON_NAME = AppIcon;
				INFOPLIST_FILE = 5Passort/Info.plist;
				LD_RUNPATH_SEARCH_PATHS = "$(inherited) @executable_path/Frameworks";
				PRODUCT_NAME = 5Passort;
				TARGETED_DEVICE_FAMILY = "1,2";
			};
			name = Release;
		};
		B5A8B7C81A9DE03D00B2282D /* Debug */ = {
			isa = XCBuildConfiguration;
			buildSettings = {
				BUNDLE_LOADER = "$(TEST_HOST)";
				FRAMEWORK_SEARCH_PATHS = (
					"$(SDKROOT)/Developer/Library/Frameworks",
					"$(inherited)",
				);
				GCC_PREPROCESSOR_DEFINITIONS = (
					"DEBUG=1",
					"$(inherited)",
				);
				INFOPLIST_FILE = 5PassortTests/Info.plist;
				LD_RUNPATH_SEARCH_PATHS = "$(inherited) @executable_path/Frameworks @loader_path/Frameworks";
				PRODUCT_NAME = 5PassortTests;
				TEST_HOST = "$(BUILT_PRODUCTS_DIR)/5Passort.app/5Passort";
			};
			name = Debug;
		};
		B5A8B7C91A9DE03D00B2282D /* Release */ = {
			isa = XCBuildConfiguration;
			buildSettings = {
				BUNDLE_LOADER = "$(TEST_HOST)";
				FRAMEWORK_SEARCH_PATHS = (
					"$(SDKROOT)/Developer/Library/Frameworks",
					"$(inherited)",
				);
				INFOPLIST_FILE = 5PassortTests/Info.plist;
				LD_RUNPATH_SEARCH_PATHS = "$(inherited) @executable_path/Frameworks @loader_path/Frameworks";
				PRODUCT_NAME = 5PassortTests;
				TEST_HOST = "$(BUILT_PRODUCTS_DIR)/5Passort.app/5Passort";
			};
			name = Release;
		};
/* End XCBuildConfiguration section */

/* Begin XCConfigurationList section */
		B5A8B7A01A9DE03D00B2282D /* Build configuration list for PBXProject "7PassortMutipleDevices" */ = {
			isa = XCConfigurationList;
			buildConfigurations = (
				B5A8B7C21A9DE03D00B2282D /* Debug */,
				B5A8B7C31A9DE03D00B2282D /* Release */,
			);
			defaultConfigurationIsVisible = 0;
			defaultConfigurationName = Release;
		};
		B5A8B7C41A9DE03D00B2282D /* Build configuration list for PBXNativeTarget "5Passort" */ = {
			isa = XCConfigurationList;
			buildConfigurations = (
				B5A8B7C51A9DE03D00B2282D /* Debug */,
				B5A8B7C61A9DE03D00B2282D /* Release */,
			);
			defaultConfigurationIsVisible = 0;
			defaultConfigurationName = Release;
		};
		B5A8B7C71A9DE03D00B2282D /* Build configuration list for PBXNativeTarget "5PassortTests" */ = {
			isa = XCConfigurationList;
			buildConfigurations = (
				B5A8B7C81A9DE03D00B2282D /* Debug */,
				B5A8B7C91A9DE03D00B2282D /* Release */,
			);
			defaultConfigurationIsVisible = 0;
			defaultConfigurationName = Release;
		};
/* End XCConfigurationList section */
	};
	rootObject = B5A8B79D1A9DE03D00B2282D /* Project object */;
}
