// !$*UTF8*$!
{
	archiveVersion = 1;
	classes = {
	};
	objectVersion = 48;
	objects = {

/* Begin PBXBuildFile section */
		203EF0A92018C3BB00A3484A /* AppDelegate.swift in Sources */ = {isa = PBXBuildFile; fileRef = 203EF0A82018C3BB00A3484A /* AppDelegate.swift */; };
		203EF0AB2018C3BB00A3484A /* ViewController.swift in Sources */ = {isa = PBXBuildFile; fileRef = 203EF0AA2018C3BB00A3484A /* ViewController.swift */; };
		203EF0AE2018C3BB00A3484A /* Main.storyboard in Resources */ = {isa = PBXBuildFile; fileRef = 203EF0AC2018C3BB00A3484A /* Main.storyboard */; };
		203EF0B02018C3BB00A3484A /* Assets.xcassets in Resources */ = {isa = PBXBuildFile; fileRef = 203EF0AF2018C3BB00A3484A /* Assets.xcassets */; };
		203EF0B32018C3BB00A3484A /* LaunchScreen.storyboard in Resources */ = {isa = PBXBuildFile; fileRef = 203EF0B12018C3BB00A3484A /* LaunchScreen.storyboard */; };
/* End PBXBuildFile section */

/* Begin PBXFileReference section */
		203EF0A52018C3BB00A3484A /* 05autoresizing.app */ = {isa = PBXFileReference; explicitFileType = wrapper.application; includeInIndex = 0; path = 05autoresizing.app; sourceTree = BUILT_PRODUCTS_DIR; };
		203EF0A82018C3BB00A3484A /* AppDelegate.swift */ = {isa = PBXFileReference; lastKnownFileType = sourcecode.swift; path = AppDelegate.swift; sourceTree = "<group>"; };
		203EF0AA2018C3BB00A3484A /* ViewController.swift */ = {isa = PBXFileReference; lastKnownFileType = sourcecode.swift; path = ViewController.swift; sourceTree = "<group>"; };
		203EF0AD2018C3BB00A3484A /* Base */ = {isa = PBXFileReference; lastKnownFileType = file.storyboard; name = Base; path = Base.lproj/Main.storyboard; sourceTree = "<group>"; };
		203EF0AF2018C3BB00A3484A /* Assets.xcassets */ = {isa = PBXFileReference; lastKnownFileType = folder.assetcatalog; path = Assets.xcassets; sourceTree = "<group>"; };
		203EF0B22018C3BB00A3484A /* Base */ = {isa = PBXFileReference; lastKnownFileType = file.storyboard; name = Base; path = Base.lproj/LaunchScreen.storyboard; sourceTree = "<group>"; };
		203EF0B42018C3BB00A3484A /* Info.plist */ = {isa = PBXFileReference; lastKnownFileType = text.plist.xml; path = Info.plist; sourceTree = "<group>"; };
/* End PBXFileReference section */

/* Begin PBXFrameworksBuildPhase section */
		203EF0A22018C3BB00A3484A /* Frameworks */ = {
			isa = PBXFrameworksBuildPhase;
			buildActionMask = 2147483647;
			files = (
			);
			runOnlyForDeploymentPostprocessing = 0;
		};
/* End PBXFrameworksBuildPhase section */

/* Begin PBXGroup section */
		203EF09C2018C3BB00A3484A = {
			isa = PBXGroup;
			children = (
				203EF0A72018C3BB00A3484A /* 05autoresizing */,
				203EF0A62018C3BB00A3484A /* Products */,
			);
			sourceTree = "<group>";
		};
		203EF0A62018C3BB00A3484A /* Products */ = {
			isa = PBXGroup;
			children = (
				203EF0A52018C3BB00A3484A /* 05autoresizing.app */,
			);
			name = Products;
			sourceTree = "<group>";
		};
		203EF0A72018C3BB00A3484A /* 05autoresizing */ = {
			isa = PBXGroup;
			children = (
				203EF0A82018C3BB00A3484A /* AppDelegate.swift */,
				203EF0AA2018C3BB00A3484A /* ViewController.swift */,
				203EF0AC2018C3BB00A3484A /* Main.storyboard */,
				203EF0AF2018C3BB00A3484A /* Assets.xcassets */,
				203EF0B12018C3BB00A3484A /* LaunchScreen.storyboard */,
				203EF0B42018C3BB00A3484A /* Info.plist */,
			);
			path = 05autoresizing;
			sourceTree = "<group>";
		};
/* End PBXGroup section */

/* Begin PBXNativeTarget section */
		203EF0A42018C3BB00A3484A /* 05autoresizing */ = {
			isa = PBXNativeTarget;
			buildConfigurationList = 203EF0B72018C3BB00A3484A /* Build configuration list for PBXNativeTarget "05autoresizing" */;
			buildPhases = (
				203EF0A12018C3BB00A3484A /* Sources */,
				203EF0A22018C3BB00A3484A /* Frameworks */,
				203EF0A32018C3BB00A3484A /* Resources */,
			);
			buildRules = (
			);
			dependencies = (
			);
			name = 05autoresizing;
			productName = 05autoresizing;
			productReference = 203EF0A52018C3BB00A3484A /* 05autoresizing.app */;
			productType = "com.apple.product-type.application";
		};
/* End PBXNativeTarget section */

/* Begin PBXProject section */
		203EF09D2018C3BB00A3484A /* Project object */ = {
			isa = PBXProject;
			attributes = {
				LastSwiftUpdateCheck = 0920;
				LastUpgradeCheck = 0920;
				ORGANIZATIONNAME = luminagic;
				TargetAttributes = {
					203EF0A42018C3BB00A3484A = {
						CreatedOnToolsVersion = 9.2;
						ProvisioningStyle = Automatic;
					};
				};
			};
			buildConfigurationList = 203EF0A02018C3BB00A3484A /* Build configuration list for PBXProject "05autoresizing" */;
			compatibilityVersion = "Xcode 8.0";
			developmentRegion = en;
			hasScannedForEncodings = 0;
			knownRegions = (
				en,
				Base,
			);
			mainGroup = 203EF09C2018C3BB00A3484A;
			productRefGroup = 203EF0A62018C3BB00A3484A /* Products */;
			projectDirPath = "";
			projectRoot = "";
			targets = (
				203EF0A42018C3BB00A3484A /* 05autoresizing */,
			);
		};
/* End PBXProject section */

/* Begin PBXResourcesBuildPhase section */
		203EF0A32018C3BB00A3484A /* Resources */ = {
			isa = PBXResourcesBuildPhase;
			buildActionMask = 2147483647;
			files = (
				203EF0B32018C3BB00A3484A /* LaunchScreen.storyboard in Resources */,
				203EF0B02018C3BB00A3484A /* Assets.xcassets in Resources */,
				203EF0AE2018C3BB00A3484A /* Main.storyboard in Resources */,
			);
			runOnlyForDeploymentPostprocessing = 0;
		};
/* End PBXResourcesBuildPhase section */

/* Begin PBXSourcesBuildPhase section */
		203EF0A12018C3BB00A3484A /* Sources */ = {
			isa = PBXSourcesBuildPhase;
			buildActionMask = 2147483647;
			files = (
				203EF0AB2018C3BB00A3484A /* ViewController.swift in Sources */,
				203EF0A92018C3BB00A3484A /* AppDelegate.swift in Sources */,
			);
			runOnlyForDeploymentPostprocessing = 0;
		};
/* End PBXSourcesBuildPhase section */

/* Begin PBXVariantGroup section */
		203EF0AC2018C3BB00A3484A /* Main.storyboard */ = {
			isa = PBXVariantGroup;
			children = (
				203EF0AD2018C3BB00A3484A /* Base */,
			);
			name = Main.storyboard;
			sourceTree = "<group>";
		};
		203EF0B12018C3BB00A3484A /* LaunchScreen.storyboard */ = {
			isa = PBXVariantGroup;
			children = (
				203EF0B22018C3BB00A3484A /* Base */,
			);
			name = LaunchScreen.storyboard;
			sourceTree = "<group>";
		};
/* End PBXVariantGroup section */

/* Begin XCBuildConfiguration section */
		203EF0B52018C3BB00A3484A /* Debug */ = {
			isa = XCBuildConfiguration;
			buildSettings = {
				ALWAYS_SEARCH_USER_PATHS = NO;
				CLANG_ANALYZER_NONNULL = YES;
				CLANG_ANALYZER_NUMBER_OBJECT_CONVERSION = YES_AGGRESSIVE;
				CLANG_CXX_LANGUAGE_STANDARD = "gnu++14";
				CLANG_CXX_LIBRARY = "libc++";
				CLANG_ENABLE_MODULES = YES;
				CLANG_ENABLE_OBJC_ARC = YES;
				CLANG_WARN_BLOCK_CAPTURE_AUTORELEASING = YES;
				CLANG_WARN_BOOL_CONVERSION = YES;
				CLANG_WARN_COMMA = YES;
				CLANG_WARN_CONSTANT_CONVERSION = YES;
				CLANG_WARN_DIRECT_OBJC_ISA_USAGE = YES_ERROR;
				CLANG_WARN_DOCUMENTATION_COMMENTS = YES;
				CLANG_WARN_EMPTY_BODY = YES;
				CLANG_WARN_ENUM_CONVERSION = YES;
				CLANG_WARN_INFINITE_RECURSION = YES;
				CLANG_WARN_INT_CONVERSION = YES;
				CLANG_WARN_NON_LITERAL_NULL_CONVERSION = YES;
				CLANG_WARN_OBJC_LITERAL_CONVERSION = YES;
				CLANG_WARN_OBJC_ROOT_CLASS = YES_ERROR;
				CLANG_WARN_RANGE_LOOP_ANALYSIS = YES;
				CLANG_WARN_STRICT_PROTOTYPES = YES;
				CLANG_WARN_SUSPICIOUS_MOVE = YES;
				CLANG_WARN_UNGUARDED_AVAILABILITY = YES_AGGRESSIVE;
				CLANG_WARN_UNREACHABLE_CODE = YES;
				CLANG_WARN__DUPLICATE_METHOD_MATCH = YES;
				CODE_SIGN_IDENTITY = "iPhone Developer";
				COPY_PHASE_STRIP = NO;
				DEBUG_INFORMATION_FORMAT = dwarf;
				ENABLE_STRICT_OBJC_MSGSEND = YES;
				ENABLE_TESTABILITY = YES;
				GCC_C_LANGUAGE_STANDARD = gnu11;
				GCC_DYNAMIC_NO_PIC = NO;
				GCC_NO_COMMON_BLOCKS = YES;
				GCC_OPTIMIZATION_LEVEL = 0;
				GCC_PREPROCESSOR_DEFINITIONS = (
					"DEBUG=1",
					"$(inherited)",
				);
				GCC_WARN_64_TO_32_BIT_CONVERSION = YES;
				GCC_WARN_ABOUT_RETURN_TYPE = YES_ERROR;
				GCC_WARN_UNDECLARED_SELECTOR = YES;
				GCC_WARN_UNINITIALIZED_AUTOS = YES_AGGRESSIVE;
				GCC_WARN_UNUSED_FUNCTION = YES;
				GCC_WARN_UNUSED_VARIABLE = YES;
				IPHONEOS_DEPLOYMENT_TARGET = 11.2;
				MTL_ENABLE_DEBUG_INFO = YES;
				ONLY_ACTIVE_ARCH = YES;
				SDKROOT = iphoneos;
				SWIFT_ACTIVE_COMPILATION_CONDITIONS = DEBUG;
				SWIFT_OPTIMIZATION_LEVEL = "-Onone";
			};
			name = Debug;
		};
		203EF0B62018C3BB00A3484A /* Release */ = {
			isa = XCBuildConfiguration;
			buildSettings = {
				ALWAYS_SEARCH_USER_PATHS = NO;
				CLANG_ANALYZER_NONNULL = YES;
				CLANG_ANALYZER_NUMBER_OBJECT_CONVERSION = YES_AGGRESSIVE;
				CLANG_CXX_LANGUAGE_STANDARD = "gnu++14";
				CLANG_CXX_LIBRARY = "libc++";
				CLANG_ENABLE_MODULES = YES;
				CLANG_ENABLE_OBJC_ARC = YES;
				CLANG_WARN_BLOCK_CAPTURE_AUTORELEASING = YES;
				CLANG_WARN_BOOL_CONVERSION = YES;
				CLANG_WARN_COMMA = YES;
				CLANG_WARN_CONSTANT_CONVERSION = YES;
				CLANG_WARN_DIRECT_OBJC_ISA_USAGE = YES_ERROR;
				CLANG_WARN_DOCUMENTATION_COMMENTS = YES;
				CLANG_WARN_EMPTY_BODY = YES;
				CLANG_WARN_ENUM_CONVERSION = YES;
				CLANG_WARN_INFINITE_RECURSION = YES;
				CLANG_WARN_INT_CONVERSION = YES;
				CLANG_WARN_NON_LITERAL_NULL_CONVERSION = YES;
				CLANG_WARN_OBJC_LITERAL_CONVERSION = YES;
				CLANG_WARN_OBJC_ROOT_CLASS = YES_ERROR;
				CLANG_WARN_RANGE_LOOP_ANALYSIS = YES;
				CLANG_WARN_STRICT_PROTOTYPES = YES;
				CLANG_WARN_SUSPICIOUS_MOVE = YES;
				CLANG_WARN_UNGUARDED_AVAILABILITY = YES_AGGRESSIVE;
				CLANG_WARN_UNREACHABLE_CODE = YES;
				CLANG_WARN__DUPLICATE_METHOD_MATCH = YES;
				CODE_SIGN_IDENTITY = "iPhone Developer";
				COPY_PHASE_STRIP = NO;
				DEBUG_INFORMATION_FORMAT = "dwarf-with-dsym";
				ENABLE_NS_ASSERTIONS = NO;
				ENABLE_STRICT_OBJC_MSGSEND = YES;
				GCC_C_LANGUAGE_STANDARD = gnu11;
				GCC_NO_COMMON_BLOCKS = YES;
				GCC_WARN_64_TO_32_BIT_CONVERSION = YES;
				GCC_WARN_ABOUT_RETURN_TYPE = YES_ERROR;
				GCC_WARN_UNDECLARED_SELECTOR = YES;
				GCC_WARN_UNINITIALIZED_AUTOS = YES_AGGRESSIVE;
				GCC_WARN_UNUSED_FUNCTION = YES;
				GCC_WARN_UNUSED_VARIABLE = YES;
				IPHONEOS_DEPLOYMENT_TARGET = 11.2;
				MTL_ENABLE_DEBUG_INFO = NO;
				SDKROOT = iphoneos;
				SWIFT_OPTIMIZATION_LEVEL = "-Owholemodule";
				VALIDATE_PRODUCT = YES;
			};
			name = Release;
		};
		203EF0B82018C3BB00A3484A /* Debug */ = {
			isa = XCBuildConfiguration;
			buildSettings = {
				ASSETCATALOG_COMPILER_APPICON_NAME = AppIcon;
				CODE_SIGN_STYLE = Automatic;
				DEVELOPMENT_TEAM = 32DD42UWD5;
				INFOPLIST_FILE = 05autoresizing/Info.plist;
				LD_RUNPATH_SEARCH_PATHS = "$(inherited) @executable_path/Frameworks";
				PRODUCT_BUNDLE_IDENTIFIER = "luminagic.-5autoresizing";
				PRODUCT_NAME = "$(TARGET_NAME)";
				SWIFT_VERSION = 4.0;
				TARGETED_DEVICE_FAMILY = "1,2";
			};
			name = Debug;
		};
		203EF0B92018C3BB00A3484A /* Release */ = {
			isa = XCBuildConfiguration;
			buildSettings = {
				ASSETCATALOG_COMPILER_APPICON_NAME = AppIcon;
				CODE_SIGN_STYLE = Automatic;
				DEVELOPMENT_TEAM = 32DD42UWD5;
				INFOPLIST_FILE = 05autoresizing/Info.plist;
				LD_RUNPATH_SEARCH_PATHS = "$(inherited) @executable_path/Frameworks";
				PRODUCT_BUNDLE_IDENTIFIER = "luminagic.-5autoresizing";
				PRODUCT_NAME = "$(TARGET_NAME)";
				SWIFT_VERSION = 4.0;
				TARGETED_DEVICE_FAMILY = "1,2";
			};
			name = Release;
		};
/* End XCBuildConfiguration section */

/* Begin XCConfigurationList section */
		203EF0A02018C3BB00A3484A /* Build configuration list for PBXProject "05autoresizing" */ = {
			isa = XCConfigurationList;
			buildConfigurations = (
				203EF0B52018C3BB00A3484A /* Debug */,
				203EF0B62018C3BB00A3484A /* Release */,
			);
			defaultConfigurationIsVisible = 0;
			defaultConfigurationName = Release;
		};
		203EF0B72018C3BB00A3484A /* Build configuration list for PBXNativeTarget "05autoresizing" */ = {
			isa = XCConfigurationList;
			buildConfigurations = (
				203EF0B82018C3BB00A3484A /* Debug */,
				203EF0B92018C3BB00A3484A /* Release */,
			);
			defaultConfigurationIsVisible = 0;
			defaultConfigurationName = Release;
		};
/* End XCConfigurationList section */
	};
	rootObject = 203EF09D2018C3BB00A3484A /* Project object */;
}
