// !$*UTF8*$!
{
	archiveVersion = 1;
	classes = {
	};
	objectVersion = 46;
	objects = {

/* Begin PBXBuildFile section */
		2083C7D61C91685A008F8724 /* AppDelegate.swift in Sources */ = {isa = PBXBuildFile; fileRef = 2083C7D51C91685A008F8724 /* AppDelegate.swift */; };
		2083C7D81C91685A008F8724 /* ViewController.swift in Sources */ = {isa = PBXBuildFile; fileRef = 2083C7D71C91685A008F8724 /* ViewController.swift */; };
		2083C7DB1C91685A008F8724 /* Main.storyboard in Resources */ = {isa = PBXBuildFile; fileRef = 2083C7D91C91685A008F8724 /* Main.storyboard */; };
		2083C7DD1C91685A008F8724 /* Assets.xcassets in Resources */ = {isa = PBXBuildFile; fileRef = 2083C7DC1C91685A008F8724 /* Assets.xcassets */; };
		2083C7E01C91685A008F8724 /* LaunchScreen.storyboard in Resources */ = {isa = PBXBuildFile; fileRef = 2083C7DE1C91685A008F8724 /* LaunchScreen.storyboard */; };
		208F85331CAACBE7003A0F9D /* SecondVC.swift in Sources */ = {isa = PBXBuildFile; fileRef = 208F85321CAACBE7003A0F9D /* SecondVC.swift */; };
/* End PBXBuildFile section */

/* Begin PBXFileReference section */
		2083C7D21C91685A008F8724 /* scrollview.app */ = {isa = PBXFileReference; explicitFileType = wrapper.application; includeInIndex = 0; path = scrollview.app; sourceTree = BUILT_PRODUCTS_DIR; };
		2083C7D51C91685A008F8724 /* AppDelegate.swift */ = {isa = PBXFileReference; lastKnownFileType = sourcecode.swift; path = AppDelegate.swift; sourceTree = "<group>"; };
		2083C7D71C91685A008F8724 /* ViewController.swift */ = {isa = PBXFileReference; lastKnownFileType = sourcecode.swift; path = ViewController.swift; sourceTree = "<group>"; };
		2083C7DA1C91685A008F8724 /* Base */ = {isa = PBXFileReference; lastKnownFileType = file.storyboard; name = Base; path = Base.lproj/Main.storyboard; sourceTree = "<group>"; };
		2083C7DC1C91685A008F8724 /* Assets.xcassets */ = {isa = PBXFileReference; lastKnownFileType = folder.assetcatalog; path = Assets.xcassets; sourceTree = "<group>"; };
		2083C7DF1C91685A008F8724 /* Base */ = {isa = PBXFileReference; lastKnownFileType = file.storyboard; name = Base; path = Base.lproj/LaunchScreen.storyboard; sourceTree = "<group>"; };
		2083C7E11C91685A008F8724 /* Info.plist */ = {isa = PBXFileReference; lastKnownFileType = text.plist.xml; path = Info.plist; sourceTree = "<group>"; };
		208F85321CAACBE7003A0F9D /* SecondVC.swift */ = {isa = PBXFileReference; fileEncoding = 4; lastKnownFileType = sourcecode.swift; path = SecondVC.swift; sourceTree = "<group>"; };
/* End PBXFileReference section */

/* Begin PBXFrameworksBuildPhase section */
		2083C7CF1C91685A008F8724 /* Frameworks */ = {
			isa = PBXFrameworksBuildPhase;
			buildActionMask = 2147483647;
			files = (
			);
			runOnlyForDeploymentPostprocessing = 0;
		};
/* End PBXFrameworksBuildPhase section */

/* Begin PBXGroup section */
		2083C7C91C91685A008F8724 = {
			isa = PBXGroup;
			children = (
				2083C7D41C91685A008F8724 /* scrollview */,
				2083C7D31C91685A008F8724 /* Products */,
			);
			sourceTree = "<group>";
		};
		2083C7D31C91685A008F8724 /* Products */ = {
			isa = PBXGroup;
			children = (
				2083C7D21C91685A008F8724 /* scrollview.app */,
			);
			name = Products;
			sourceTree = "<group>";
		};
		2083C7D41C91685A008F8724 /* scrollview */ = {
			isa = PBXGroup;
			children = (
				2083C7D51C91685A008F8724 /* AppDelegate.swift */,
				2083C7D71C91685A008F8724 /* ViewController.swift */,
				2083C7D91C91685A008F8724 /* Main.storyboard */,
				2083C7DC1C91685A008F8724 /* Assets.xcassets */,
				2083C7DE1C91685A008F8724 /* LaunchScreen.storyboard */,
				2083C7E11C91685A008F8724 /* Info.plist */,
				208F85321CAACBE7003A0F9D /* SecondVC.swift */,
			);
			path = scrollview;
			sourceTree = "<group>";
		};
/* End PBXGroup section */

/* Begin PBXNativeTarget section */
		2083C7D11C91685A008F8724 /* scrollview */ = {
			isa = PBXNativeTarget;
			buildConfigurationList = 2083C7E41C91685A008F8724 /* Build configuration list for PBXNativeTarget "scrollview" */;
			buildPhases = (
				2083C7CE1C91685A008F8724 /* Sources */,
				2083C7CF1C91685A008F8724 /* Frameworks */,
				2083C7D01C91685A008F8724 /* Resources */,
			);
			buildRules = (
			);
			dependencies = (
			);
			name = scrollview;
			productName = scrollview;
			productReference = 2083C7D21C91685A008F8724 /* scrollview.app */;
			productType = "com.apple.product-type.application";
		};
/* End PBXNativeTarget section */

/* Begin PBXProject section */
		2083C7CA1C91685A008F8724 /* Project object */ = {
			isa = PBXProject;
			attributes = {
				LastSwiftUpdateCheck = 0720;
				LastUpgradeCheck = 0720;
				ORGANIZATIONNAME = abelwan;
				TargetAttributes = {
					2083C7D11C91685A008F8724 = {
						CreatedOnToolsVersion = 7.2.1;
					};
				};
			};
			buildConfigurationList = 2083C7CD1C91685A008F8724 /* Build configuration list for PBXProject "scrollview" */;
			compatibilityVersion = "Xcode 3.2";
			developmentRegion = English;
			hasScannedForEncodings = 0;
			knownRegions = (
				en,
				Base,
			);
			mainGroup = 2083C7C91C91685A008F8724;
			productRefGroup = 2083C7D31C91685A008F8724 /* Products */;
			projectDirPath = "";
			projectRoot = "";
			targets = (
				2083C7D11C91685A008F8724 /* scrollview */,
			);
		};
/* End PBXProject section */

/* Begin PBXResourcesBuildPhase section */
		2083C7D01C91685A008F8724 /* Resources */ = {
			isa = PBXResourcesBuildPhase;
			buildActionMask = 2147483647;
			files = (
				2083C7E01C91685A008F8724 /* LaunchScreen.storyboard in Resources */,
				2083C7DD1C91685A008F8724 /* Assets.xcassets in Resources */,
				2083C7DB1C91685A008F8724 /* Main.storyboard in Resources */,
			);
			runOnlyForDeploymentPostprocessing = 0;
		};
/* End PBXResourcesBuildPhase section */

/* Begin PBXSourcesBuildPhase section */
		2083C7CE1C91685A008F8724 /* Sources */ = {
			isa = PBXSourcesBuildPhase;
			buildActionMask = 2147483647;
			files = (
				2083C7D81C91685A008F8724 /* ViewController.swift in Sources */,
				208F85331CAACBE7003A0F9D /* SecondVC.swift in Sources */,
				2083C7D61C91685A008F8724 /* AppDelegate.swift in Sources */,
			);
			runOnlyForDeploymentPostprocessing = 0;
		};
/* End PBXSourcesBuildPhase section */

/* Begin PBXVariantGroup section */
		2083C7D91C91685A008F8724 /* Main.storyboard */ = {
			isa = PBXVariantGroup;
			children = (
				2083C7DA1C91685A008F8724 /* Base */,
			);
			name = Main.storyboard;
			sourceTree = "<group>";
		};
		2083C7DE1C91685A008F8724 /* LaunchScreen.storyboard */ = {
			isa = PBXVariantGroup;
			children = (
				2083C7DF1C91685A008F8724 /* Base */,
			);
			name = LaunchScreen.storyboard;
			sourceTree = "<group>";
		};
/* End PBXVariantGroup section */

/* Begin XCBuildConfiguration section */
		2083C7E21C91685A008F8724 /* Debug */ = {
			isa = XCBuildConfiguration;
			buildSettings = {
				ALWAYS_SEARCH_USER_PATHS = NO;
				CLANG_CXX_LANGUAGE_STANDARD = "gnu++0x";
				CLANG_CXX_LIBRARY = "libc++";
				CLANG_ENABLE_MODULES = YES;
				CLANG_ENABLE_OBJC_ARC = YES;
				CLANG_WARN_BOOL_CONVERSION = YES;
				CLANG_WARN_CONSTANT_CONVERSION = YES;
				CLANG_WARN_DIRECT_OBJC_ISA_USAGE = YES_ERROR;
				CLANG_WARN_EMPTY_BODY = YES;
				CLANG_WARN_ENUM_CONVERSION = YES;
				CLANG_WARN_INT_CONVERSION = YES;
				CLANG_WARN_OBJC_ROOT_CLASS = YES_ERROR;
				CLANG_WARN_UNREACHABLE_CODE = YES;
				CLANG_WARN__DUPLICATE_METHOD_MATCH = YES;
				"CODE_SIGN_IDENTITY[sdk=iphoneos*]" = "iPhone Developer";
				COPY_PHASE_STRIP = NO;
				DEBUG_INFORMATION_FORMAT = dwarf;
				ENABLE_STRICT_OBJC_MSGSEND = YES;
				ENABLE_TESTABILITY = YES;
				GCC_C_LANGUAGE_STANDARD = gnu99;
				GCC_DYNAMIC_NO_PIC = NO;
				GCC_NO_COMMON_BLOCKS = YES;
				GCC_OPTIMIZATION_LEVEL = 0;
				GCC_PREPROCESSOR_DEFINITIONS = (
					"DEBUG=1",
					"$(inherited)",
				);
				GCC_WARN_64_TO_32_BIT_CONVERSION = YES;
				GCC_WARN_ABOUT_RETURN_TYPE = YES_ERROR;
				GCC_WARN_UNDECLARED_SELECTOR = YES;
				GCC_WARN_UNINITIALIZED_AUTOS = YES_AGGRESSIVE;
				GCC_WARN_UNUSED_FUNCTION = YES;
				GCC_WARN_UNUSED_VARIABLE = YES;
				IPHONEOS_DEPLOYMENT_TARGET = 9.2;
				MTL_ENABLE_DEBUG_INFO = YES;
				ONLY_ACTIVE_ARCH = YES;
				SDKROOT = iphoneos;
				SWIFT_OPTIMIZATION_LEVEL = "-Onone";
				TARGETED_DEVICE_FAMILY = "1,2";
			};
			name = Debug;
		};
		2083C7E31C91685A008F8724 /* Release */ = {
			isa = XCBuildConfiguration;
			buildSettings = {
				ALWAYS_SEARCH_USER_PATHS = NO;
				CLANG_CXX_LANGUAGE_STANDARD = "gnu++0x";
				CLANG_CXX_LIBRARY = "libc++";
				CLANG_ENABLE_MODULES = YES;
				CLANG_ENABLE_OBJC_ARC = YES;
				CLANG_WARN_BOOL_CONVERSION = YES;
				CLANG_WARN_CONSTANT_CONVERSION = YES;
				CLANG_WARN_DIRECT_OBJC_ISA_USAGE = YES_ERROR;
				CLANG_WARN_EMPTY_BODY = YES;
				CLANG_WARN_ENUM_CONVERSION = YES;
				CLANG_WARN_INT_CONVERSION = YES;
				CLANG_WARN_OBJC_ROOT_CLASS = YES_ERROR;
				CLANG_WARN_UNREACHABLE_CODE = YES;
				CLANG_WARN__DUPLICATE_METHOD_MATCH = YES;
				"CODE_SIGN_IDENTITY[sdk=iphoneos*]" = "iPhone Developer";
				COPY_PHASE_STRIP = NO;
				DEBUG_INFORMATION_FORMAT = "dwarf-with-dsym";
				ENABLE_NS_ASSERTIONS = NO;
				ENABLE_STRICT_OBJC_MSGSEND = YES;
				GCC_C_LANGUAGE_STANDARD = gnu99;
				GCC_NO_COMMON_BLOCKS = YES;
				GCC_WARN_64_TO_32_BIT_CONVERSION = YES;
				GCC_WARN_ABOUT_RETURN_TYPE = YES_ERROR;
				GCC_WARN_UNDECLARED_SELECTOR = YES;
				GCC_WARN_UNINITIALIZED_AUTOS = YES_AGGRESSIVE;
				GCC_WARN_UNUSED_FUNCTION = YES;
				GCC_WARN_UNUSED_VARIABLE = YES;
				IPHONEOS_DEPLOYMENT_TARGET = 9.2;
				MTL_ENABLE_DEBUG_INFO = NO;
				SDKROOT = iphoneos;
				TARGETED_DEVICE_FAMILY = "1,2";
				VALIDATE_PRODUCT = YES;
			};
			name = Release;
		};
		2083C7E51C91685A008F8724 /* Debug */ = {
			isa = XCBuildConfiguration;
			buildSettings = {
				ASSETCATALOG_COMPILER_APPICON_NAME = AppIcon;
				INFOPLIST_FILE = scrollview/Info.plist;
				LD_RUNPATH_SEARCH_PATHS = "$(inherited) @executable_path/Frameworks";
				PRODUCT_BUNDLE_IDENTIFIER = abel.scrollview;
				PRODUCT_NAME = "$(TARGET_NAME)";
			};
			name = Debug;
		};
		2083C7E61C91685A008F8724 /* Release */ = {
			isa = XCBuildConfiguration;
			buildSettings = {
				ASSETCATALOG_COMPILER_APPICON_NAME = AppIcon;
				INFOPLIST_FILE = scrollview/Info.plist;
				LD_RUNPATH_SEARCH_PATHS = "$(inherited) @executable_path/Frameworks";
				PRODUCT_BUNDLE_IDENTIFIER = abel.scrollview;
				PRODUCT_NAME = "$(TARGET_NAME)";
			};
			name = Release;
		};
/* End XCBuildConfiguration section */

/* Begin XCConfigurationList section */
		2083C7CD1C91685A008F8724 /* Build configuration list for PBXProject "scrollview" */ = {
			isa = XCConfigurationList;
			buildConfigurations = (
				2083C7E21C91685A008F8724 /* Debug */,
				2083C7E31C91685A008F8724 /* Release */,
			);
			defaultConfigurationIsVisible = 0;
			defaultConfigurationName = Release;
		};
		2083C7E41C91685A008F8724 /* Build configuration list for PBXNativeTarget "scrollview" */ = {
			isa = XCConfigurationList;
			buildConfigurations = (
				2083C7E51C91685A008F8724 /* Debug */,
				2083C7E61C91685A008F8724 /* Release */,
			);
			defaultConfigurationIsVisible = 0;
			defaultConfigurationName = Release;
		};
/* End XCConfigurationList section */
	};
	rootObject = 2083C7CA1C91685A008F8724 /* Project object */;
}
