// !$*UTF8*$!
{
	archiveVersion = 1;
	classes = {
	};
	objectVersion = 46;
	objects = {

/* Begin PBXBuildFile section */
		205611191C16DB8E0068D7BA /* AppDelegate.swift in Sources */ = {isa = PBXBuildFile; fileRef = 205611181C16DB8E0068D7BA /* AppDelegate.swift */; };
		2056111B1C16DB8E0068D7BA /* ViewController.swift in Sources */ = {isa = PBXBuildFile; fileRef = 2056111A1C16DB8E0068D7BA /* ViewController.swift */; };
		2056111E1C16DB8E0068D7BA /* Main.storyboard in Resources */ = {isa = PBXBuildFile; fileRef = 2056111C1C16DB8E0068D7BA /* Main.storyboard */; };
		205611201C16DB8E0068D7BA /* Assets.xcassets in Resources */ = {isa = PBXBuildFile; fileRef = 2056111F1C16DB8E0068D7BA /* Assets.xcassets */; };
		205611231C16DB8E0068D7BA /* LaunchScreen.storyboard in Resources */ = {isa = PBXBuildFile; fileRef = 205611211C16DB8E0068D7BA /* LaunchScreen.storyboard */; };
/* End PBXBuildFile section */

/* Begin PBXFileReference section */
		205611151C16DB8E0068D7BA /* testLocalNotification.app */ = {isa = PBXFileReference; explicitFileType = wrapper.application; includeInIndex = 0; path = testLocalNotification.app; sourceTree = BUILT_PRODUCTS_DIR; };
		205611181C16DB8E0068D7BA /* AppDelegate.swift */ = {isa = PBXFileReference; lastKnownFileType = sourcecode.swift; path = AppDelegate.swift; sourceTree = "<group>"; };
		2056111A1C16DB8E0068D7BA /* ViewController.swift */ = {isa = PBXFileReference; lastKnownFileType = sourcecode.swift; path = ViewController.swift; sourceTree = "<group>"; };
		2056111D1C16DB8E0068D7BA /* Base */ = {isa = PBXFileReference; lastKnownFileType = file.storyboard; name = Base; path = Base.lproj/Main.storyboard; sourceTree = "<group>"; };
		2056111F1C16DB8E0068D7BA /* Assets.xcassets */ = {isa = PBXFileReference; lastKnownFileType = folder.assetcatalog; path = Assets.xcassets; sourceTree = "<group>"; };
		205611221C16DB8E0068D7BA /* Base */ = {isa = PBXFileReference; lastKnownFileType = file.storyboard; name = Base; path = Base.lproj/LaunchScreen.storyboard; sourceTree = "<group>"; };
		205611241C16DB8E0068D7BA /* Info.plist */ = {isa = PBXFileReference; lastKnownFileType = text.plist.xml; path = Info.plist; sourceTree = "<group>"; };
/* End PBXFileReference section */

/* Begin PBXFrameworksBuildPhase section */
		205611121C16DB8E0068D7BA /* Frameworks */ = {
			isa = PBXFrameworksBuildPhase;
			buildActionMask = 2147483647;
			files = (
			);
			runOnlyForDeploymentPostprocessing = 0;
		};
/* End PBXFrameworksBuildPhase section */

/* Begin PBXGroup section */
		2056110C1C16DB8E0068D7BA = {
			isa = PBXGroup;
			children = (
				205611171C16DB8E0068D7BA /* testLocalNotification */,
				205611161C16DB8E0068D7BA /* Products */,
			);
			sourceTree = "<group>";
		};
		205611161C16DB8E0068D7BA /* Products */ = {
			isa = PBXGroup;
			children = (
				205611151C16DB8E0068D7BA /* testLocalNotification.app */,
			);
			name = Products;
			sourceTree = "<group>";
		};
		205611171C16DB8E0068D7BA /* testLocalNotification */ = {
			isa = PBXGroup;
			children = (
				205611181C16DB8E0068D7BA /* AppDelegate.swift */,
				2056111A1C16DB8E0068D7BA /* ViewController.swift */,
				2056111C1C16DB8E0068D7BA /* Main.storyboard */,
				2056111F1C16DB8E0068D7BA /* Assets.xcassets */,
				205611211C16DB8E0068D7BA /* LaunchScreen.storyboard */,
				205611241C16DB8E0068D7BA /* Info.plist */,
			);
			path = testLocalNotification;
			sourceTree = "<group>";
		};
/* End PBXGroup section */

/* Begin PBXNativeTarget section */
		205611141C16DB8E0068D7BA /* testLocalNotification */ = {
			isa = PBXNativeTarget;
			buildConfigurationList = 205611271C16DB8E0068D7BA /* Build configuration list for PBXNativeTarget "testLocalNotification" */;
			buildPhases = (
				205611111C16DB8E0068D7BA /* Sources */,
				205611121C16DB8E0068D7BA /* Frameworks */,
				205611131C16DB8E0068D7BA /* Resources */,
			);
			buildRules = (
			);
			dependencies = (
			);
			name = testLocalNotification;
			productName = testLocalNotification;
			productReference = 205611151C16DB8E0068D7BA /* testLocalNotification.app */;
			productType = "com.apple.product-type.application";
		};
/* End PBXNativeTarget section */

/* Begin PBXProject section */
		2056110D1C16DB8E0068D7BA /* Project object */ = {
			isa = PBXProject;
			attributes = {
				LastSwiftUpdateCheck = 0710;
				LastUpgradeCheck = 0710;
				ORGANIZATIONNAME = abelwan;
				TargetAttributes = {
					205611141C16DB8E0068D7BA = {
						CreatedOnToolsVersion = 7.1.1;
					};
				};
			};
			buildConfigurationList = 205611101C16DB8E0068D7BA /* Build configuration list for PBXProject "testLocalNotification" */;
			compatibilityVersion = "Xcode 3.2";
			developmentRegion = English;
			hasScannedForEncodings = 0;
			knownRegions = (
				en,
				Base,
			);
			mainGroup = 2056110C1C16DB8E0068D7BA;
			productRefGroup = 205611161C16DB8E0068D7BA /* Products */;
			projectDirPath = "";
			projectRoot = "";
			targets = (
				205611141C16DB8E0068D7BA /* testLocalNotification */,
			);
		};
/* End PBXProject section */

/* Begin PBXResourcesBuildPhase section */
		205611131C16DB8E0068D7BA /* Resources */ = {
			isa = PBXResourcesBuildPhase;
			buildActionMask = 2147483647;
			files = (
				205611231C16DB8E0068D7BA /* LaunchScreen.storyboard in Resources */,
				205611201C16DB8E0068D7BA /* Assets.xcassets in Resources */,
				2056111E1C16DB8E0068D7BA /* Main.storyboard in Resources */,
			);
			runOnlyForDeploymentPostprocessing = 0;
		};
/* End PBXResourcesBuildPhase section */

/* Begin PBXSourcesBuildPhase section */
		205611111C16DB8E0068D7BA /* Sources */ = {
			isa = PBXSourcesBuildPhase;
			buildActionMask = 2147483647;
			files = (
				2056111B1C16DB8E0068D7BA /* ViewController.swift in Sources */,
				205611191C16DB8E0068D7BA /* AppDelegate.swift in Sources */,
			);
			runOnlyForDeploymentPostprocessing = 0;
		};
/* End PBXSourcesBuildPhase section */

/* Begin PBXVariantGroup section */
		2056111C1C16DB8E0068D7BA /* Main.storyboard */ = {
			isa = PBXVariantGroup;
			children = (
				2056111D1C16DB8E0068D7BA /* Base */,
			);
			name = Main.storyboard;
			sourceTree = "<group>";
		};
		205611211C16DB8E0068D7BA /* LaunchScreen.storyboard */ = {
			isa = PBXVariantGroup;
			children = (
				205611221C16DB8E0068D7BA /* Base */,
			);
			name = LaunchScreen.storyboard;
			sourceTree = "<group>";
		};
/* End PBXVariantGroup section */

/* Begin XCBuildConfiguration section */
		205611251C16DB8E0068D7BA /* Debug */ = {
			isa = XCBuildConfiguration;
			buildSettings = {
				ALWAYS_SEARCH_USER_PATHS = NO;
				CLANG_CXX_LANGUAGE_STANDARD = "gnu++0x";
				CLANG_CXX_LIBRARY = "libc++";
				CLANG_ENABLE_MODULES = YES;
				CLANG_ENABLE_OBJC_ARC = YES;
				CLANG_WARN_BOOL_CONVERSION = YES;
				CLANG_WARN_CONSTANT_CONVERSION = YES;
				CLANG_WARN_DIRECT_OBJC_ISA_USAGE = YES_ERROR;
				CLANG_WARN_EMPTY_BODY = YES;
				CLANG_WARN_ENUM_CONVERSION = YES;
				CLANG_WARN_INT_CONVERSION = YES;
				CLANG_WARN_OBJC_ROOT_CLASS = YES_ERROR;
				CLANG_WARN_UNREACHABLE_CODE = YES;
				CLANG_WARN__DUPLICATE_METHOD_MATCH = YES;
				"CODE_SIGN_IDENTITY[sdk=iphoneos*]" = "iPhone Developer";
				COPY_PHASE_STRIP = NO;
				DEBUG_INFORMATION_FORMAT = dwarf;
				ENABLE_STRICT_OBJC_MSGSEND = YES;
				ENABLE_TESTABILITY = YES;
				GCC_C_LANGUAGE_STANDARD = gnu99;
				GCC_DYNAMIC_NO_PIC = NO;
				GCC_NO_COMMON_BLOCKS = YES;
				GCC_OPTIMIZATION_LEVEL = 0;
				GCC_PREPROCESSOR_DEFINITIONS = (
					"DEBUG=1",
					"$(inherited)",
				);
				GCC_WARN_64_TO_32_BIT_CONVERSION = YES;
				GCC_WARN_ABOUT_RETURN_TYPE = YES_ERROR;
				GCC_WARN_UNDECLARED_SELECTOR = YES;
				GCC_WARN_UNINITIALIZED_AUTOS = YES_AGGRESSIVE;
				GCC_WARN_UNUSED_FUNCTION = YES;
				GCC_WARN_UNUSED_VARIABLE = YES;
				IPHONEOS_DEPLOYMENT_TARGET = 9.1;
				MTL_ENABLE_DEBUG_INFO = YES;
				ONLY_ACTIVE_ARCH = YES;
				SDKROOT = iphoneos;
				SWIFT_OPTIMIZATION_LEVEL = "-Onone";
				TARGETED_DEVICE_FAMILY = "1,2";
			};
			name = Debug;
		};
		205611261C16DB8E0068D7BA /* Release */ = {
			isa = XCBuildConfiguration;
			buildSettings = {
				ALWAYS_SEARCH_USER_PATHS = NO;
				CLANG_CXX_LANGUAGE_STANDARD = "gnu++0x";
				CLANG_CXX_LIBRARY = "libc++";
				CLANG_ENABLE_MODULES = YES;
				CLANG_ENABLE_OBJC_ARC = YES;
				CLANG_WARN_BOOL_CONVERSION = YES;
				CLANG_WARN_CONSTANT_CONVERSION = YES;
				CLANG_WARN_DIRECT_OBJC_ISA_USAGE = YES_ERROR;
				CLANG_WARN_EMPTY_BODY = YES;
				CLANG_WARN_ENUM_CONVERSION = YES;
				CLANG_WARN_INT_CONVERSION = YES;
				CLANG_WARN_OBJC_ROOT_CLASS = YES_ERROR;
				CLANG_WARN_UNREACHABLE_CODE = YES;
				CLANG_WARN__DUPLICATE_METHOD_MATCH = YES;
				"CODE_SIGN_IDENTITY[sdk=iphoneos*]" = "iPhone Developer";
				COPY_PHASE_STRIP = NO;
				DEBUG_INFORMATION_FORMAT = "dwarf-with-dsym";
				ENABLE_NS_ASSERTIONS = NO;
				ENABLE_STRICT_OBJC_MSGSEND = YES;
				GCC_C_LANGUAGE_STANDARD = gnu99;
				GCC_NO_COMMON_BLOCKS = YES;
				GCC_WARN_64_TO_32_BIT_CONVERSION = YES;
				GCC_WARN_ABOUT_RETURN_TYPE = YES_ERROR;
				GCC_WARN_UNDECLARED_SELECTOR = YES;
				GCC_WARN_UNINITIALIZED_AUTOS = YES_AGGRESSIVE;
				GCC_WARN_UNUSED_FUNCTION = YES;
				GCC_WARN_UNUSED_VARIABLE = YES;
				IPHONEOS_DEPLOYMENT_TARGET = 9.1;
				MTL_ENABLE_DEBUG_INFO = NO;
				SDKROOT = iphoneos;
				TARGETED_DEVICE_FAMILY = "1,2";
				VALIDATE_PRODUCT = YES;
			};
			name = Release;
		};
		205611281C16DB8E0068D7BA /* Debug */ = {
			isa = XCBuildConfiguration;
			buildSettings = {
				ASSETCATALOG_COMPILER_APPICON_NAME = AppIcon;
				INFOPLIST_FILE = testLocalNotification/Info.plist;
				LD_RUNPATH_SEARCH_PATHS = "$(inherited) @executable_path/Frameworks";
				PRODUCT_BUNDLE_IDENTIFIER = abel.testLocalNotification;
				PRODUCT_NAME = "$(TARGET_NAME)";
			};
			name = Debug;
		};
		205611291C16DB8E0068D7BA /* Release */ = {
			isa = XCBuildConfiguration;
			buildSettings = {
				ASSETCATALOG_COMPILER_APPICON_NAME = AppIcon;
				INFOPLIST_FILE = testLocalNotification/Info.plist;
				LD_RUNPATH_SEARCH_PATHS = "$(inherited) @executable_path/Frameworks";
				PRODUCT_BUNDLE_IDENTIFIER = abel.testLocalNotification;
				PRODUCT_NAME = "$(TARGET_NAME)";
			};
			name = Release;
		};
/* End XCBuildConfiguration section */

/* Begin XCConfigurationList section */
		205611101C16DB8E0068D7BA /* Build configuration list for PBXProject "testLocalNotification" */ = {
			isa = XCConfigurationList;
			buildConfigurations = (
				205611251C16DB8E0068D7BA /* Debug */,
				205611261C16DB8E0068D7BA /* Release */,
			);
			defaultConfigurationIsVisible = 0;
			defaultConfigurationName = Release;
		};
		205611271C16DB8E0068D7BA /* Build configuration list for PBXNativeTarget "testLocalNotification" */ = {
			isa = XCConfigurationList;
			buildConfigurations = (
				205611281C16DB8E0068D7BA /* Debug */,
				205611291C16DB8E0068D7BA /* Release */,
			);
			defaultConfigurationIsVisible = 0;
		};
/* End XCConfigurationList section */
	};
	rootObject = 2056110D1C16DB8E0068D7BA /* Project object */;
}
